
Microsoft Visual Studio Solution File, Format Version 12.00
# Visual Studio Version 17
VisualStudioVersion = 17.14.36221.1 d17.14
MinimumVisualStudioVersion = 10.0.40219.1
Project("{FAE04EC0-301F-11D3-BF4B-00C04F79EFBC}") = "SolitaireEncryption", "SolitaireEncryption\SolitaireEncryption.csproj", "{84AF8C8F-9D66-401B-9AA6-EAAE21AC5CD5}"
EndProject
Project("{FAE04EC0-301F-11D3-BF4B-00C04F79EFBC}") = "SolitaireEncryption.Tests", "SolitaireEncryption.Tests\SolitaireEncryption.Tests.csproj", "{DAE87948-D6F2-C25C-F0DF-CA548DC71FC9}"
EndProject
Global
	GlobalSection(SolutionConfigurationPlatforms) = preSolution
		Debug|Any CPU = Debug|Any CPU
		Release|Any CPU = Release|Any CPU
	EndGlobalSection
	GlobalSection(ProjectConfigurationPlatforms) = postSolution
		{84AF8C8F-9D66-401B-9AA6-EAAE21AC5CD5}.Debug|Any CPU.ActiveCfg = Debug|Any CPU
		{84AF8C8F-9D66-401B-9AA6-EAAE21AC5CD5}.Debug|Any CPU.Build.0 = Debug|Any CPU
		{84AF8C8F-9D66-401B-9AA6-EAAE21AC5CD5}.Debug|Any CPU.Deploy.0 = Debug|Any CPU
		{84AF8C8F-9D66-401B-9AA6-EAAE21AC5CD5}.Release|Any CPU.ActiveCfg = Release|Any CPU
		{84AF8C8F-9D66-401B-9AA6-EAAE21AC5CD5}.Release|Any CPU.Build.0 = Release|Any CPU
		{DAE87948-D6F2-C25C-F0DF-CA548DC71FC9}.Debug|Any CPU.ActiveCfg = Debug|Any CPU
		{DAE87948-D6F2-C25C-F0DF-CA548DC71FC9}.Debug|Any CPU.Build.0 = Debug|Any CPU
		{DAE87948-D6F2-C25C-F0DF-CA548DC71FC9}.Release|Any CPU.ActiveCfg = Release|Any CPU
		{DAE87948-D6F2-C25C-F0DF-CA548DC71FC9}.Release|Any CPU.Build.0 = Release|Any CPU
	EndGlobalSection
	GlobalSection(SolutionProperties) = preSolution
		HideSolutionNode = FALSE
	EndGlobalSection
	GlobalSection(ExtensibilityGlobals) = postSolution
		SolutionGuid = {8BE7C16B-2B10-4832-BF04-AFA05A580320}
	EndGlobalSection
EndGlobal
