
Microsoft Visual Studio Solution File, Format Version 12.00
# Visual Studio Version 17
VisualStudioVersion = 17.14.36221.1 d17.14
MinimumVisualStudioVersion = 10.0.40219.1
Project("{FAE04EC0-301F-11D3-BF4B-00C04F79EFBC}") = "Weather", "Weather\Weather.csproj", "{94DB43A3-5281-4779-8655-80C1B0557154}"
EndProject
Global
	GlobalSection(SolutionConfigurationPlatforms) = preSolution
		Debug|Any CPU = Debug|Any CPU
		Release|Any CPU = Release|Any CPU
	EndGlobalSection
	GlobalSection(ProjectConfigurationPlatforms) = postSolution
		{94DB43A3-5281-4779-8655-80C1B0557154}.Debug|Any CPU.ActiveCfg = Debug|Any CPU
		{94DB43A3-5281-4779-8655-80C1B0557154}.Debug|Any CPU.Build.0 = Debug|Any CPU
		{94DB43A3-5281-4779-8655-80C1B0557154}.Release|Any CPU.ActiveCfg = Release|Any CPU
		{94DB43A3-5281-4779-8655-80C1B0557154}.Release|Any CPU.Build.0 = Release|Any CPU
	EndGlobalSection
	GlobalSection(SolutionProperties) = preSolution
		HideSolutionNode = FALSE
	EndGlobalSection
	GlobalSection(ExtensibilityGlobals) = postSolution
		SolutionGuid = {26D8362E-D251-4D51-B18B-09BC18F28A07}
	EndGlobalSection
EndGlobal
