
Microsoft Visual Studio Solution File, Format Version 12.00
# Visual Studio Version 17
VisualStudioVersion = 17.4.32916.344
MinimumVisualStudioVersion = 10.0.40219.1
Project("{9A19103F-16F7-4668-BE54-9A1E7A4F7556}") = "Notes", "Notes.csproj", "{0CE9FCF7-16AA-467F-8F04-FF175FBC288D}"
EndProject
Global
	GlobalSection(SolutionConfigurationPlatforms) = preSolution
		Debug|Any CPU = Debug|Any CPU
		Release|Any CPU = Release|Any CPU
	EndGlobalSection
	GlobalSection(ProjectConfigurationPlatforms) = postSolution
		{0CE9FCF7-16AA-467F-8F04-FF175FBC288D}.Debug|Any CPU.ActiveCfg = Debug|Any CPU
		{0CE9FCF7-16AA-467F-8F04-FF175FBC288D}.Debug|Any CPU.Build.0 = Debug|Any CPU
		{0CE9FCF7-16AA-467F-8F04-FF175FBC288D}.Debug|Any CPU.Deploy.0 = Debug|Any CPU
		{0CE9FCF7-16AA-467F-8F04-FF175FBC288D}.Release|Any CPU.ActiveCfg = Release|Any CPU
		{0CE9FCF7-16AA-467F-8F04-FF175FBC288D}.Release|Any CPU.Build.0 = Release|Any CPU
		{0CE9FCF7-16AA-467F-8F04-FF175FBC288D}.Release|Any CPU.Deploy.0 = Release|Any CPU
	EndGlobalSection
	GlobalSection(SolutionProperties) = preSolution
		HideSolutionNode = FALSE
	EndGlobalSection
	GlobalSection(ExtensibilityGlobals) = postSolution
		SolutionGuid = {C177C5C5-C67F-4457-BD0A-DF85476DC946}
	EndGlobalSection
EndGlobal
