Microsoft Visual Studio Solution File, Format Version 12.00
# Visual Studio Version 17
VisualStudioVersion = 17.0.31903.59
MinimumVisualStudioVersion = 10.0.40219.1
Project("{9A19103F-16F7-4668-BE54-9A1E7A4F7556}") = "EmployeeDirectory", "EmployeeDirectory\EmployeeDirectory.csproj", "{C68D6A52-4B34-4B67-9B84-6A8A4C4E7E9E}"
EndProject
Project("{FAE04EC0-301F-11D3-BF4B-00C04F79EFBC}") = "EmployeeDirectory.Core", "EmployeeDirectory.Core\EmployeeDirectory.Core.csproj", "{AC773EE2-81DD-AFF3-3595-6E518892D398}"
EndProject
Global
	GlobalSection(SolutionConfigurationPlatforms) = preSolution
		Debug|Any CPU = Debug|Any CPU
		Release|Any CPU = Release|Any CPU
	EndGlobalSection
	GlobalSection(ProjectConfigurationPlatforms) = postSolution
		{C68D6A52-4B34-4B67-9B84-6A8A4C4E7E9E}.Debug|Any CPU.ActiveCfg = Debug|Any CPU
		{C68D6A52-4B34-4B67-9B84-6A8A4C4E7E9E}.Debug|Any CPU.Build.0 = Debug|Any CPU
		{C68D6A52-4B34-4B67-9B84-6A8A4C4E7E9E}.Debug|Any CPU.Deploy.0 = Debug|Any CPU
		{C68D6A52-4B34-4B67-9B84-6A8A4C4E7E9E}.Release|Any CPU.ActiveCfg = Release|Any CPU
		{C68D6A52-4B34-4B67-9B84-6A8A4C4E7E9E}.Release|Any CPU.Build.0 = Release|Any CPU
		{C68D6A52-4B34-4B67-9B84-6A8A4C4E7E9E}.Release|Any CPU.Deploy.0 = Release|Any CPU
		{AC773EE2-81DD-AFF3-3595-6E518892D398}.Debug|Any CPU.ActiveCfg = Debug|Any CPU
		{AC773EE2-81DD-AFF3-3595-6E518892D398}.Debug|Any CPU.Build.0 = Debug|Any CPU
		{AC773EE2-81DD-AFF3-3595-6E518892D398}.Release|Any CPU.ActiveCfg = Release|Any CPU
		{AC773EE2-81DD-AFF3-3595-6E518892D398}.Release|Any CPU.Build.0 = Release|Any CPU
	EndGlobalSection
	GlobalSection(SolutionProperties) = preSolution
		HideSolutionNode = FALSE
	EndGlobalSection
	GlobalSection(ExtensibilityGlobals) = postSolution
		SolutionGuid = {7C68D6A5-2B34-4B67-9B84-6A8A4C4E7E9E}
	EndGlobalSection
EndGlobal
