
Microsoft Visual Studio Solution File, Format Version 12.00
# Visual Studio Version 17
VisualStudioVersion = 17.13.35525.253 main
MinimumVisualStudioVersion = 10.0.40219.1
Project("{FAE04EC0-301F-11D3-BF4B-00C04F79EFBC}") = "DeveloperBalance", "DeveloperBalance\DeveloperBalance.csproj", "{02E9826F-36BF-5316-B6F5-69DDC6CA1793}"
EndProject
Global
	GlobalSection(SolutionConfigurationPlatforms) = preSolution
		Debug|Any CPU = Debug|Any CPU
		Release|Any CPU = Release|Any CPU
	EndGlobalSection
	GlobalSection(ProjectConfigurationPlatforms) = postSolution
		{02E9826F-36BF-5316-B6F5-69DDC6CA1793}.Debug|Any CPU.ActiveCfg = Debug|Any CPU
		{02E9826F-36BF-5316-B6F5-69DDC6CA1793}.Debug|Any CPU.Build.0 = Debug|Any CPU
		{02E9826F-36BF-5316-B6F5-69DDC6CA1793}.Release|Any CPU.ActiveCfg = Release|Any CPU
		{02E9826F-36BF-5316-B6F5-69DDC6CA1793}.Release|Any CPU.Build.0 = Release|Any CPU
	EndGlobalSection
	GlobalSection(SolutionProperties) = preSolution
		HideSolutionNode = FALSE
	EndGlobalSection
	GlobalSection(ExtensibilityGlobals) = postSolution
		SolutionGuid = {BF39D4F9-C00C-4751-A4B9-A31E47B152C3}
	EndGlobalSection
EndGlobal
