
Microsoft Visual Studio Solution File, Format Version 12.00
# Visual Studio Version 17
VisualStudioVersion = 17.12.35527.113 d17.12
MinimumVisualStudioVersion = 10.0.40219.1
Project("{FAE04EC0-301F-11D3-BF4B-00C04F79EFBC}") = "CatClock", "CatClock\CatClock.csproj", "{C2E5FCA4-EA76-4AEB-A3BB-7D5E02AB265E}"
EndProject
Global
	GlobalSection(SolutionConfigurationPlatforms) = preSolution
		Debug|Any CPU = Debug|Any CPU
		Release|Any CPU = Release|Any CPU
	EndGlobalSection
	GlobalSection(ProjectConfigurationPlatforms) = postSolution
		{C2E5FCA4-EA76-4AEB-A3BB-7D5E02AB265E}.Debug|Any CPU.ActiveCfg = Debug|Any CPU
		{C2E5FCA4-EA76-4AEB-A3BB-7D5E02AB265E}.Debug|Any CPU.Build.0 = Debug|Any CPU
		{C2E5FCA4-EA76-4AEB-A3BB-7D5E02AB265E}.Release|Any CPU.ActiveCfg = Release|Any CPU
		{C2E5FCA4-EA76-4AEB-A3BB-7D5E02AB265E}.Release|Any CPU.Build.0 = Release|Any CPU
	EndGlobalSection
	GlobalSection(SolutionProperties) = preSolution
		HideSolutionNode = FALSE
	EndGlobalSection
EndGlobal
