
Microsoft Visual Studio Solution File, Format Version 12.00
# Visual Studio Version 17
VisualStudioVersion = 17.14.36301.6 d17.14
MinimumVisualStudioVersion = 10.0.40219.1
Project("{FAE04EC0-301F-11D3-BF4B-00C04F79EFBC}") = "WorkingWithFonts", "WorkingWithFonts\WorkingWithFonts.csproj", "{86B3EF30-FE2C-40F0-8778-61CB694C6567}"
EndProject
Global
	GlobalSection(SolutionConfigurationPlatforms) = preSolution
		Debug|Any CPU = Debug|Any CPU
		Release|Any CPU = Release|Any CPU
	EndGlobalSection
	GlobalSection(ProjectConfigurationPlatforms) = postSolution
		{86B3EF30-FE2C-40F0-8778-61CB694C6567}.Debug|Any CPU.ActiveCfg = Debug|Any CPU
		{86B3EF30-FE2C-40F0-8778-61CB694C6567}.Debug|Any CPU.Build.0 = Debug|Any CPU
		{86B3EF30-FE2C-40F0-8778-61CB694C6567}.Release|Any CPU.ActiveCfg = Release|Any CPU
		{86B3EF30-FE2C-40F0-8778-61CB694C6567}.Release|Any CPU.Build.0 = Release|Any CPU
	EndGlobalSection
	GlobalSection(SolutionProperties) = preSolution
		HideSolutionNode = FALSE
	EndGlobalSection
	GlobalSection(ExtensibilityGlobals) = postSolution
		SolutionGuid = {4417F31E-2991-419D-8675-581A55D9C8E7}
	EndGlobalSection
EndGlobal
