
Microsoft Visual Studio Solution File, Format Version 12.00
# Visual Studio Version 17
VisualStudioVersion = 17.0.31903.59
MinimumVisualStudioVersion = 10.0.40219.1
Project("{2150E333-8FDC-42A3-9474-1A3956D46DE8}") = "10.0", "10.0", "{98FB8C1A-DC82-EBF5-5D95-E1031F719E46}"
EndProject
Project("{2150E333-8FDC-42A3-9474-1A3956D46DE8}") = "PlatformIntegration", "PlatformIntegration", "{A342C97D-B94C-0357-E29A-80AD77B060CC}"
EndProject
Project("{2150E333-8FDC-42A3-9474-1A3956D46DE8}") = "LiveActivityDemo", "LiveActivityDemo", "{C660D040-9681-1346-521A-D83848B0A86B}"
EndProject
Project("{FAE04EC0-301F-11D3-BF4B-00C04F79EFBC}") = "LiveActivityDemo", "LiveActivityDemo\LiveActivityDemo.csproj", "{28FC393B-F461-4FD3-B369-8F3EF01AF86A}"
EndProject
Global
	GlobalSection(SolutionConfigurationPlatforms) = preSolution
		Debug|Any CPU = Debug|Any CPU
		Debug|x64 = Debug|x64
		Debug|x86 = Debug|x86
		Release|Any CPU = Release|Any CPU
		Release|x64 = Release|x64
		Release|x86 = Release|x86
	EndGlobalSection
	GlobalSection(ProjectConfigurationPlatforms) = postSolution
		{28FC393B-F461-4FD3-B369-8F3EF01AF86A}.Debug|Any CPU.ActiveCfg = Debug|Any CPU
		{28FC393B-F461-4FD3-B369-8F3EF01AF86A}.Debug|Any CPU.Build.0 = Debug|Any CPU
		{28FC393B-F461-4FD3-B369-8F3EF01AF86A}.Debug|x64.ActiveCfg = Debug|Any CPU
		{28FC393B-F461-4FD3-B369-8F3EF01AF86A}.Debug|x64.Build.0 = Debug|Any CPU
		{28FC393B-F461-4FD3-B369-8F3EF01AF86A}.Debug|x86.ActiveCfg = Debug|Any CPU
		{28FC393B-F461-4FD3-B369-8F3EF01AF86A}.Debug|x86.Build.0 = Debug|Any CPU
		{28FC393B-F461-4FD3-B369-8F3EF01AF86A}.Release|Any CPU.ActiveCfg = Release|Any CPU
		{28FC393B-F461-4FD3-B369-8F3EF01AF86A}.Release|Any CPU.Build.0 = Release|Any CPU
		{28FC393B-F461-4FD3-B369-8F3EF01AF86A}.Release|x64.ActiveCfg = Release|Any CPU
		{28FC393B-F461-4FD3-B369-8F3EF01AF86A}.Release|x64.Build.0 = Release|Any CPU
		{28FC393B-F461-4FD3-B369-8F3EF01AF86A}.Release|x86.ActiveCfg = Release|Any CPU
		{28FC393B-F461-4FD3-B369-8F3EF01AF86A}.Release|x86.Build.0 = Release|Any CPU
	EndGlobalSection
	GlobalSection(SolutionProperties) = preSolution
		HideSolutionNode = FALSE
	EndGlobalSection
	GlobalSection(NestedProjects) = preSolution
		{A342C97D-B94C-0357-E29A-80AD77B060CC} = {98FB8C1A-DC82-EBF5-5D95-E1031F719E46}
		{C660D040-9681-1346-521A-D83848B0A86B} = {A342C97D-B94C-0357-E29A-80AD77B060CC}
		{28FC393B-F461-4FD3-B369-8F3EF01AF86A} = {C660D040-9681-1346-521A-D83848B0A86B}
	EndGlobalSection
EndGlobal
