
Microsoft Visual Studio Solution File, Format Version 12.00
# Visual Studio Version 16
VisualStudioVersion = 17.0.31611.283
MinimumVisualStudioVersion = 10.0.40219.1
Project("{9A19103F-16F7-4668-BE54-9A1E7A4F7556}") = "ContextMenuSample", "ContextMenuSample\ContextMenuSample.csproj", "{50214672-8044-40CE-8966-C1FC02F6858C}"
EndProject
Global
	GlobalSection(SolutionConfigurationPlatforms) = preSolution
		Debug|Any CPU = Debug|Any CPU
		Release|Any CPU = Release|Any CPU
	EndGlobalSection
	GlobalSection(ProjectConfigurationPlatforms) = postSolution
		{50214672-8044-40CE-8966-C1FC02F6858C}.Debug|Any CPU.ActiveCfg = Debug|Any CPU
		{50214672-8044-40CE-8966-C1FC02F6858C}.Debug|Any CPU.Build.0 = Debug|Any CPU
		{50214672-8044-40CE-8966-C1FC02F6858C}.Debug|Any CPU.Deploy.0 = Debug|Any CPU
		{50214672-8044-40CE-8966-C1FC02F6858C}.Release|Any CPU.ActiveCfg = Release|Any CPU
		{50214672-8044-40CE-8966-C1FC02F6858C}.Release|Any CPU.Build.0 = Release|Any CPU
		{50214672-8044-40CE-8966-C1FC02F6858C}.Release|Any CPU.Deploy.0 = Release|Any CPU
	EndGlobalSection
	GlobalSection(SolutionProperties) = preSolution
		HideSolutionNode = FALSE
	EndGlobalSection
	GlobalSection(ExtensibilityGlobals) = postSolution
		SolutionGuid = {61F7FB11-1E47-470C-91E2-47F8143E1572}
	EndGlobalSection
EndGlobal
