// !$*UTF8*$!
{
	archiveVersion = 1;
	classes = {
	};
	objectVersion = 77;
	objects = {

/* Begin PBXBuildFile section */
		005725A02E6F7CF700E6CAA5 /* LiveActivityBridge in Frameworks */ = {isa = PBXBuildFile; productRef = 0057259F2E6F7CF700E6CAA5 /* LiveActivityBridge */; };
		009F62592E6B712400675E53 /* WidgetKit.framework in Frameworks */ = {isa = PBXBuildFile; fileRef = 009F62582E6B712400675E53 /* WidgetKit.framework */; };
		009F625B2E6B712400675E53 /* SwiftUI.framework in Frameworks */ = {isa = PBXBuildFile; fileRef = 009F625A2E6B712400675E53 /* SwiftUI.framework */; };
		009F626C2E6B712500675E53 /* LiveActivityWidgetExtension.appex in Embed Foundation Extensions */ = {isa = PBXBuildFile; fileRef = 009F62562E6B712400675E53 /* LiveActivityWidgetExtension.appex */; settings = {ATTRIBUTES = (RemoveHeadersOnCopy, ); }; };
/* End PBXBuildFile section */

/* Begin PBXContainerItemProxy section */
		009F626A2E6B712500675E53 /* PBXContainerItemProxy */ = {
			isa = PBXContainerItemProxy;
			containerPortal = 009F623C2E6B710800675E53 /* Project object */;
			proxyType = 1;
			remoteGlobalIDString = 009F62552E6B712400675E53;
			remoteInfo = LiveActivityWidgetExtension;
		};
/* End PBXContainerItemProxy section */

/* Begin PBXCopyFilesBuildPhase section */
		009F62712E6B712500675E53 /* Embed Foundation Extensions */ = {
			isa = PBXCopyFilesBuildPhase;
			buildActionMask = 2147483647;
			dstPath = "";
			dstSubfolderSpec = 13;
			files = (
				009F626C2E6B712500675E53 /* LiveActivityWidgetExtension.appex in Embed Foundation Extensions */,
			);
			name = "Embed Foundation Extensions";
			runOnlyForDeploymentPostprocessing = 0;
		};
		00F90C1C2E6B919E00D6E3C4 /* Embed Frameworks */ = {
			isa = PBXCopyFilesBuildPhase;
			buildActionMask = 2147483647;
			dstPath = "";
			dstSubfolderSpec = 10;
			files = (
			);
			name = "Embed Frameworks";
			runOnlyForDeploymentPostprocessing = 0;
		};
/* End PBXCopyFilesBuildPhase section */

/* Begin PBXFileReference section */
		009F62442E6B710800675E53 /* LiveActivityAppHost.app */ = {isa = PBXFileReference; explicitFileType = wrapper.application; includeInIndex = 0; path = LiveActivityAppHost.app; sourceTree = BUILT_PRODUCTS_DIR; };
		009F62562E6B712400675E53 /* LiveActivityWidgetExtension.appex */ = {isa = PBXFileReference; explicitFileType = "wrapper.app-extension"; includeInIndex = 0; path = LiveActivityWidgetExtension.appex; sourceTree = BUILT_PRODUCTS_DIR; };
		009F62582E6B712400675E53 /* WidgetKit.framework */ = {isa = PBXFileReference; lastKnownFileType = wrapper.framework; name = WidgetKit.framework; path = System/Library/Frameworks/WidgetKit.framework; sourceTree = SDKROOT; };
		009F625A2E6B712400675E53 /* SwiftUI.framework */ = {isa = PBXFileReference; lastKnownFileType = wrapper.framework; name = SwiftUI.framework; path = System/Library/Frameworks/SwiftUI.framework; sourceTree = SDKROOT; };
/* End PBXFileReference section */

/* Begin PBXFileSystemSynchronizedBuildFileExceptionSet section */
		009F626D2E6B712500675E53 /* Exceptions for "LiveActivityWidget" folder in "LiveActivityWidgetExtension" target */ = {
			isa = PBXFileSystemSynchronizedBuildFileExceptionSet;
			membershipExceptions = (
				Info.plist,
			);
			target = 009F62552E6B712400675E53 /* LiveActivityWidgetExtension */;
		};
/* End PBXFileSystemSynchronizedBuildFileExceptionSet section */

/* Begin PBXFileSystemSynchronizedRootGroup section */
		009F62462E6B710800675E53 /* LiveActivityAppHost */ = {
			isa = PBXFileSystemSynchronizedRootGroup;
			path = LiveActivityAppHost;
			sourceTree = "<group>";
		};
		009F625C2E6B712400675E53 /* LiveActivityWidget */ = {
			isa = PBXFileSystemSynchronizedRootGroup;
			exceptions = (
				009F626D2E6B712500675E53 /* Exceptions for "LiveActivityWidget" folder in "LiveActivityWidgetExtension" target */,
			);
			path = LiveActivityWidget;
			sourceTree = "<group>";
		};
/* End PBXFileSystemSynchronizedRootGroup section */

/* Begin PBXFrameworksBuildPhase section */
		009F62412E6B710800675E53 /* Frameworks */ = {
			isa = PBXFrameworksBuildPhase;
			buildActionMask = 2147483647;
			files = (
			);
			runOnlyForDeploymentPostprocessing = 0;
		};
		009F62532E6B712400675E53 /* Frameworks */ = {
			isa = PBXFrameworksBuildPhase;
			buildActionMask = 2147483647;
			files = (
				009F625B2E6B712400675E53 /* SwiftUI.framework in Frameworks */,
				009F62592E6B712400675E53 /* WidgetKit.framework in Frameworks */,
				005725A02E6F7CF700E6CAA5 /* LiveActivityBridge in Frameworks */,
			);
			runOnlyForDeploymentPostprocessing = 0;
		};
/* End PBXFrameworksBuildPhase section */

/* Begin PBXGroup section */
		009F623B2E6B710800675E53 = {
			isa = PBXGroup;
			children = (
				009F62462E6B710800675E53 /* LiveActivityAppHost */,
				009F625C2E6B712400675E53 /* LiveActivityWidget */,
				009F62572E6B712400675E53 /* Frameworks */,
				009F62452E6B710800675E53 /* Products */,
			);
			sourceTree = "<group>";
		};
		009F62452E6B710800675E53 /* Products */ = {
			isa = PBXGroup;
			children = (
				009F62442E6B710800675E53 /* LiveActivityAppHost.app */,
				009F62562E6B712400675E53 /* LiveActivityWidgetExtension.appex */,
			);
			name = Products;
			sourceTree = "<group>";
		};
		009F62572E6B712400675E53 /* Frameworks */ = {
			isa = PBXGroup;
			children = (
				009F62582E6B712400675E53 /* WidgetKit.framework */,
				009F625A2E6B712400675E53 /* SwiftUI.framework */,
			);
			name = Frameworks;
			sourceTree = "<group>";
		};
/* End PBXGroup section */

/* Begin PBXNativeTarget section */
		009F62432E6B710800675E53 /* LiveActivityAppHost */ = {
			isa = PBXNativeTarget;
			buildConfigurationList = 009F624F2E6B710900675E53 /* Build configuration list for PBXNativeTarget "LiveActivityAppHost" */;
			buildPhases = (
				009F62402E6B710800675E53 /* Sources */,
				009F62412E6B710800675E53 /* Frameworks */,
				009F62422E6B710800675E53 /* Resources */,
				009F62712E6B712500675E53 /* Embed Foundation Extensions */,
			);
			buildRules = (
			);
			dependencies = (
				009F626B2E6B712500675E53 /* PBXTargetDependency */,
			);
			fileSystemSynchronizedGroups = (
				009F62462E6B710800675E53 /* LiveActivityAppHost */,
			);
			name = LiveActivityAppHost;
			packageProductDependencies = (
			);
			productName = LiveActivityAppHost;
			productReference = 009F62442E6B710800675E53 /* LiveActivityAppHost.app */;
			productType = "com.apple.product-type.application";
		};
		009F62552E6B712400675E53 /* LiveActivityWidgetExtension */ = {
			isa = PBXNativeTarget;
			buildConfigurationList = 009F626E2E6B712500675E53 /* Build configuration list for PBXNativeTarget "LiveActivityWidgetExtension" */;
			buildPhases = (
				009F62522E6B712400675E53 /* Sources */,
				009F62532E6B712400675E53 /* Frameworks */,
				009F62542E6B712400675E53 /* Resources */,
				00F90C1C2E6B919E00D6E3C4 /* Embed Frameworks */,
			);
			buildRules = (
			);
			dependencies = (
			);
			fileSystemSynchronizedGroups = (
				009F625C2E6B712400675E53 /* LiveActivityWidget */,
			);
			name = LiveActivityWidgetExtension;
			packageProductDependencies = (
				0057259F2E6F7CF700E6CAA5 /* LiveActivityBridge */,
			);
			productName = LiveActivityWidgetExtension;
			productReference = 009F62562E6B712400675E53 /* LiveActivityWidgetExtension.appex */;
			productType = "com.apple.product-type.app-extension";
		};
/* End PBXNativeTarget section */

/* Begin PBXProject section */
		009F623C2E6B710800675E53 /* Project object */ = {
			isa = PBXProject;
			attributes = {
				BuildIndependentTargetsInParallel = 1;
				LastSwiftUpdateCheck = 1640;
				LastUpgradeCheck = 1640;
				TargetAttributes = {
					009F62432E6B710800675E53 = {
						CreatedOnToolsVersion = 16.4;
					};
					009F62552E6B712400675E53 = {
						CreatedOnToolsVersion = 16.4;
					};
				};
			};
			buildConfigurationList = 009F623F2E6B710800675E53 /* Build configuration list for PBXProject "LiveActivityAppHost" */;
			developmentRegion = en;
			hasScannedForEncodings = 0;
			knownRegions = (
				en,
				Base,
			);
			mainGroup = 009F623B2E6B710800675E53;
			minimizedProjectReferenceProxies = 1;
			packageReferences = (
				0057259E2E6F7CF700E6CAA5 /* XCLocalSwiftPackageReference "../LiveActivityBridge" */,
			);
			preferredProjectObjectVersion = 77;
			productRefGroup = 009F62452E6B710800675E53 /* Products */;
			projectDirPath = "";
			projectRoot = "";
			targets = (
				009F62432E6B710800675E53 /* LiveActivityAppHost */,
				009F62552E6B712400675E53 /* LiveActivityWidgetExtension */,
			);
		};
/* End PBXProject section */

/* Begin PBXResourcesBuildPhase section */
		009F62422E6B710800675E53 /* Resources */ = {
			isa = PBXResourcesBuildPhase;
			buildActionMask = 2147483647;
			files = (
			);
			runOnlyForDeploymentPostprocessing = 0;
		};
		009F62542E6B712400675E53 /* Resources */ = {
			isa = PBXResourcesBuildPhase;
			buildActionMask = 2147483647;
			files = (
			);
			runOnlyForDeploymentPostprocessing = 0;
		};
/* End PBXResourcesBuildPhase section */

/* Begin PBXSourcesBuildPhase section */
		009F62402E6B710800675E53 /* Sources */ = {
			isa = PBXSourcesBuildPhase;
			buildActionMask = 2147483647;
			files = (
			);
			runOnlyForDeploymentPostprocessing = 0;
		};
		009F62522E6B712400675E53 /* Sources */ = {
			isa = PBXSourcesBuildPhase;
			buildActionMask = 2147483647;
			files = (
			);
			runOnlyForDeploymentPostprocessing = 0;
		};
/* End PBXSourcesBuildPhase section */

/* Begin PBXTargetDependency section */
		009F626B2E6B712500675E53 /* PBXTargetDependency */ = {
			isa = PBXTargetDependency;
			target = 009F62552E6B712400675E53 /* LiveActivityWidgetExtension */;
			targetProxy = 009F626A2E6B712500675E53 /* PBXContainerItemProxy */;
		};
/* End PBXTargetDependency section */

/* Begin XCBuildConfiguration section */
		009F624D2E6B710900675E53 /* Debug */ = {
			isa = XCBuildConfiguration;
			buildSettings = {
				ALWAYS_SEARCH_USER_PATHS = NO;
				ASSETCATALOG_COMPILER_GENERATE_SWIFT_ASSET_SYMBOL_EXTENSIONS = YES;
				CLANG_ANALYZER_NONNULL = YES;
				CLANG_ANALYZER_NUMBER_OBJECT_CONVERSION = YES_AGGRESSIVE;
				CLANG_CXX_LANGUAGE_STANDARD = "gnu++20";
				CLANG_ENABLE_MODULES = YES;
				CLANG_ENABLE_OBJC_ARC = YES;
				CLANG_ENABLE_OBJC_WEAK = YES;
				CLANG_WARN_BLOCK_CAPTURE_AUTORELEASING = YES;
				CLANG_WARN_BOOL_CONVERSION = YES;
				CLANG_WARN_COMMA = YES;
				CLANG_WARN_CONSTANT_CONVERSION = YES;
				CLANG_WARN_DEPRECATED_OBJC_IMPLEMENTATIONS = YES;
				CLANG_WARN_DIRECT_OBJC_ISA_USAGE = YES_ERROR;
				CLANG_WARN_DOCUMENTATION_COMMENTS = YES;
				CLANG_WARN_EMPTY_BODY = YES;
				CLANG_WARN_ENUM_CONVERSION = YES;
				CLANG_WARN_INFINITE_RECURSION = YES;
				CLANG_WARN_INT_CONVERSION = YES;
				CLANG_WARN_NON_LITERAL_NULL_CONVERSION = YES;
				CLANG_WARN_OBJC_IMPLICIT_RETAIN_SELF = YES;
				CLANG_WARN_OBJC_LITERAL_CONVERSION = YES;
				CLANG_WARN_OBJC_ROOT_CLASS = YES_ERROR;
				CLANG_WARN_QUOTED_INCLUDE_IN_FRAMEWORK_HEADER = YES;
				CLANG_WARN_RANGE_LOOP_ANALYSIS = YES;
				CLANG_WARN_STRICT_PROTOTYPES = YES;
				CLANG_WARN_SUSPICIOUS_MOVE = YES;
				CLANG_WARN_UNGUARDED_AVAILABILITY = YES_AGGRESSIVE;
				CLANG_WARN_UNREACHABLE_CODE = YES;
				CLANG_WARN__DUPLICATE_METHOD_MATCH = YES;
				COPY_PHASE_STRIP = NO;
				DEBUG_INFORMATION_FORMAT = dwarf;
				DEVELOPMENT_TEAM = NYHGX6KCDG;
				ENABLE_STRICT_OBJC_MSGSEND = YES;
				ENABLE_TESTABILITY = YES;
				ENABLE_USER_SCRIPT_SANDBOXING = YES;
				GCC_C_LANGUAGE_STANDARD = gnu17;
				GCC_DYNAMIC_NO_PIC = NO;
				GCC_NO_COMMON_BLOCKS = YES;
				GCC_OPTIMIZATION_LEVEL = 0;
				GCC_PREPROCESSOR_DEFINITIONS = (
					"DEBUG=1",
					"$(inherited)",
				);
				GCC_WARN_64_TO_32_BIT_CONVERSION = YES;
				GCC_WARN_ABOUT_RETURN_TYPE = YES_ERROR;
				GCC_WARN_UNDECLARED_SELECTOR = YES;
				GCC_WARN_UNINITIALIZED_AUTOS = YES_AGGRESSIVE;
				GCC_WARN_UNUSED_FUNCTION = YES;
				GCC_WARN_UNUSED_VARIABLE = YES;
				IPHONEOS_DEPLOYMENT_TARGET = 18.5;
				LOCALIZATION_PREFERS_STRING_CATALOGS = YES;
				MTL_ENABLE_DEBUG_INFO = INCLUDE_SOURCE;
				MTL_FAST_MATH = YES;
				ONLY_ACTIVE_ARCH = YES;
				SDKROOT = iphoneos;
				SWIFT_ACTIVE_COMPILATION_CONDITIONS = "DEBUG $(inherited)";
				SWIFT_OPTIMIZATION_LEVEL = "-Onone";
			};
			name = Debug;
		};
		009F624E2E6B710900675E53 /* Release */ = {
			isa = XCBuildConfiguration;
			buildSettings = {
				ALWAYS_SEARCH_USER_PATHS = NO;
				ASSETCATALOG_COMPILER_GENERATE_SWIFT_ASSET_SYMBOL_EXTENSIONS = YES;
				CLANG_ANALYZER_NONNULL = YES;
				CLANG_ANALYZER_NUMBER_OBJECT_CONVERSION = YES_AGGRESSIVE;
				CLANG_CXX_LANGUAGE_STANDARD = "gnu++20";
				CLANG_ENABLE_MODULES = YES;
				CLANG_ENABLE_OBJC_ARC = YES;
				CLANG_ENABLE_OBJC_WEAK = YES;
				CLANG_WARN_BLOCK_CAPTURE_AUTORELEASING = YES;
				CLANG_WARN_BOOL_CONVERSION = YES;
				CLANG_WARN_COMMA = YES;
				CLANG_WARN_CONSTANT_CONVERSION = YES;
				CLANG_WARN_DEPRECATED_OBJC_IMPLEMENTATIONS = YES;
				CLANG_WARN_DIRECT_OBJC_ISA_USAGE = YES_ERROR;
				CLANG_WARN_DOCUMENTATION_COMMENTS = YES;
				CLANG_WARN_EMPTY_BODY = YES;
				CLANG_WARN_ENUM_CONVERSION = YES;
				CLANG_WARN_INFINITE_RECURSION = YES;
				CLANG_WARN_INT_CONVERSION = YES;
				CLANG_WARN_NON_LITERAL_NULL_CONVERSION = YES;
				CLANG_WARN_OBJC_IMPLICIT_RETAIN_SELF = YES;
				CLANG_WARN_OBJC_LITERAL_CONVERSION = YES;
				CLANG_WARN_OBJC_ROOT_CLASS = YES_ERROR;
				CLANG_WARN_QUOTED_INCLUDE_IN_FRAMEWORK_HEADER = YES;
				CLANG_WARN_RANGE_LOOP_ANALYSIS = YES;
				CLANG_WARN_STRICT_PROTOTYPES = YES;
				CLANG_WARN_SUSPICIOUS_MOVE = YES;
				CLANG_WARN_UNGUARDED_AVAILABILITY = YES_AGGRESSIVE;
				CLANG_WARN_UNREACHABLE_CODE = YES;
				CLANG_WARN__DUPLICATE_METHOD_MATCH = YES;
				COPY_PHASE_STRIP = NO;
				DEBUG_INFORMATION_FORMAT = "dwarf-with-dsym";
				DEVELOPMENT_TEAM = NYHGX6KCDG;
				ENABLE_NS_ASSERTIONS = NO;
				ENABLE_STRICT_OBJC_MSGSEND = YES;
				ENABLE_USER_SCRIPT_SANDBOXING = YES;
				GCC_C_LANGUAGE_STANDARD = gnu17;
				GCC_NO_COMMON_BLOCKS = YES;
				GCC_WARN_64_TO_32_BIT_CONVERSION = YES;
				GCC_WARN_ABOUT_RETURN_TYPE = YES_ERROR;
				GCC_WARN_UNDECLARED_SELECTOR = YES;
				GCC_WARN_UNINITIALIZED_AUTOS = YES_AGGRESSIVE;
				GCC_WARN_UNUSED_FUNCTION = YES;
				GCC_WARN_UNUSED_VARIABLE = YES;
				IPHONEOS_DEPLOYMENT_TARGET = 18.5;
				LOCALIZATION_PREFERS_STRING_CATALOGS = YES;
				MTL_ENABLE_DEBUG_INFO = NO;
				MTL_FAST_MATH = YES;
				SDKROOT = iphoneos;
				SWIFT_COMPILATION_MODE = wholemodule;
				VALIDATE_PRODUCT = YES;
			};
			name = Release;
		};
		009F62502E6B710900675E53 /* Debug */ = {
			isa = XCBuildConfiguration;
			buildSettings = {
				ASSETCATALOG_COMPILER_APPICON_NAME = AppIcon;
				ASSETCATALOG_COMPILER_GLOBAL_ACCENT_COLOR_NAME = AccentColor;
				CODE_SIGN_STYLE = Automatic;
				CURRENT_PROJECT_VERSION = 1;
				DEVELOPMENT_TEAM = NYHGX6KCDG;
				ENABLE_PREVIEWS = YES;
				GENERATE_INFOPLIST_FILE = YES;
				INFOPLIST_KEY_UIApplicationSceneManifest_Generation = YES;
				INFOPLIST_KEY_UIApplicationSupportsIndirectInputEvents = YES;
				INFOPLIST_KEY_UILaunchScreen_Generation = YES;
				INFOPLIST_KEY_UISupportedInterfaceOrientations_iPad = "UIInterfaceOrientationPortrait UIInterfaceOrientationPortraitUpsideDown UIInterfaceOrientationLandscapeLeft UIInterfaceOrientationLandscapeRight";
				INFOPLIST_KEY_UISupportedInterfaceOrientations_iPhone = "UIInterfaceOrientationPortrait UIInterfaceOrientationLandscapeLeft UIInterfaceOrientationLandscapeRight";
				LD_RUNPATH_SEARCH_PATHS = (
					"$(inherited)",
					"@executable_path/Frameworks",
				);
				MARKETING_VERSION = 1.0;
				PRODUCT_BUNDLE_IDENTIFIER = com.simplyprofound.maui.liveactivity;
				PRODUCT_NAME = "$(TARGET_NAME)";
				SWIFT_EMIT_LOC_STRINGS = YES;
				SWIFT_VERSION = 5.0;
				TARGETED_DEVICE_FAMILY = "1,2";
			};
			name = Debug;
		};
		009F62512E6B710900675E53 /* Release */ = {
			isa = XCBuildConfiguration;
			buildSettings = {
				ASSETCATALOG_COMPILER_APPICON_NAME = AppIcon;
				ASSETCATALOG_COMPILER_GLOBAL_ACCENT_COLOR_NAME = AccentColor;
				CODE_SIGN_STYLE = Automatic;
				CURRENT_PROJECT_VERSION = 1;
				DEVELOPMENT_TEAM = NYHGX6KCDG;
				ENABLE_PREVIEWS = YES;
				GENERATE_INFOPLIST_FILE = YES;
				INFOPLIST_KEY_UIApplicationSceneManifest_Generation = YES;
				INFOPLIST_KEY_UIApplicationSupportsIndirectInputEvents = YES;
				INFOPLIST_KEY_UILaunchScreen_Generation = YES;
				INFOPLIST_KEY_UISupportedInterfaceOrientations_iPad = "UIInterfaceOrientationPortrait UIInterfaceOrientationPortraitUpsideDown UIInterfaceOrientationLandscapeLeft UIInterfaceOrientationLandscapeRight";
				INFOPLIST_KEY_UISupportedInterfaceOrientations_iPhone = "UIInterfaceOrientationPortrait UIInterfaceOrientationLandscapeLeft UIInterfaceOrientationLandscapeRight";
				LD_RUNPATH_SEARCH_PATHS = (
					"$(inherited)",
					"@executable_path/Frameworks",
				);
				MARKETING_VERSION = 1.0;
				PRODUCT_BUNDLE_IDENTIFIER = com.simplyprofound.maui.liveactivity;
				PRODUCT_NAME = "$(TARGET_NAME)";
				SWIFT_EMIT_LOC_STRINGS = YES;
				SWIFT_VERSION = 5.0;
				TARGETED_DEVICE_FAMILY = "1,2";
			};
			name = Release;
		};
		009F626F2E6B712500675E53 /* Debug */ = {
			isa = XCBuildConfiguration;
			buildSettings = {
				ASSETCATALOG_COMPILER_GLOBAL_ACCENT_COLOR_NAME = AccentColor;
				ASSETCATALOG_COMPILER_WIDGET_BACKGROUND_COLOR_NAME = WidgetBackground;
				CODE_SIGN_STYLE = Automatic;
				CURRENT_PROJECT_VERSION = 1;
				DEVELOPMENT_TEAM = NYHGX6KCDG;
				GENERATE_INFOPLIST_FILE = YES;
				INFOPLIST_FILE = LiveActivityWidget/Info.plist;
				INFOPLIST_KEY_CFBundleDisplayName = LiveActivityWidget;
				INFOPLIST_KEY_NSHumanReadableCopyright = "";
				LD_RUNPATH_SEARCH_PATHS = (
					"$(inherited)",
					"@executable_path/Frameworks",
					"@executable_path/../../Frameworks",
				);
				MARKETING_VERSION = 1.0;
				PRODUCT_BUNDLE_IDENTIFIER = com.simplyprofound.maui.liveactivity.LiveActivityWidget;
				PRODUCT_NAME = "$(TARGET_NAME)";
				SKIP_INSTALL = YES;
				SWIFT_EMIT_LOC_STRINGS = YES;
				SWIFT_VERSION = 5.0;
				TARGETED_DEVICE_FAMILY = "1,2";
			};
			name = Debug;
		};
		009F62702E6B712500675E53 /* Release */ = {
			isa = XCBuildConfiguration;
			buildSettings = {
				ASSETCATALOG_COMPILER_GLOBAL_ACCENT_COLOR_NAME = AccentColor;
				ASSETCATALOG_COMPILER_WIDGET_BACKGROUND_COLOR_NAME = WidgetBackground;
				CODE_SIGN_STYLE = Automatic;
				CURRENT_PROJECT_VERSION = 1;
				DEVELOPMENT_TEAM = NYHGX6KCDG;
				GENERATE_INFOPLIST_FILE = YES;
				INFOPLIST_FILE = LiveActivityWidget/Info.plist;
				INFOPLIST_KEY_CFBundleDisplayName = LiveActivityWidget;
				INFOPLIST_KEY_NSHumanReadableCopyright = "";
				LD_RUNPATH_SEARCH_PATHS = (
					"$(inherited)",
					"@executable_path/Frameworks",
					"@executable_path/../../Frameworks",
				);
				MARKETING_VERSION = 1.0;
				PRODUCT_BUNDLE_IDENTIFIER = com.simplyprofound.maui.liveactivity.LiveActivityWidget;
				PRODUCT_NAME = "$(TARGET_NAME)";
				SKIP_INSTALL = YES;
				SWIFT_EMIT_LOC_STRINGS = YES;
				SWIFT_VERSION = 5.0;
				TARGETED_DEVICE_FAMILY = "1,2";
			};
			name = Release;
		};
/* End XCBuildConfiguration section */

/* Begin XCConfigurationList section */
		009F623F2E6B710800675E53 /* Build configuration list for PBXProject "LiveActivityAppHost" */ = {
			isa = XCConfigurationList;
			buildConfigurations = (
				009F624D2E6B710900675E53 /* Debug */,
				009F624E2E6B710900675E53 /* Release */,
			);
			defaultConfigurationIsVisible = 0;
			defaultConfigurationName = Release;
		};
		009F624F2E6B710900675E53 /* Build configuration list for PBXNativeTarget "LiveActivityAppHost" */ = {
			isa = XCConfigurationList;
			buildConfigurations = (
				009F62502E6B710900675E53 /* Debug */,
				009F62512E6B710900675E53 /* Release */,
			);
			defaultConfigurationIsVisible = 0;
			defaultConfigurationName = Release;
		};
		009F626E2E6B712500675E53 /* Build configuration list for PBXNativeTarget "LiveActivityWidgetExtension" */ = {
			isa = XCConfigurationList;
			buildConfigurations = (
				009F626F2E6B712500675E53 /* Debug */,
				009F62702E6B712500675E53 /* Release */,
			);
			defaultConfigurationIsVisible = 0;
			defaultConfigurationName = Release;
		};
/* End XCConfigurationList section */

/* Begin XCLocalSwiftPackageReference section */
		0057259E2E6F7CF700E6CAA5 /* XCLocalSwiftPackageReference "../LiveActivityBridge" */ = {
			isa = XCLocalSwiftPackageReference;
			relativePath = ../LiveActivityBridge;
		};
/* End XCLocalSwiftPackageReference section */

/* Begin XCSwiftPackageProductDependency section */
		0057259F2E6F7CF700E6CAA5 /* LiveActivityBridge */ = {
			isa = XCSwiftPackageProductDependency;
			productName = LiveActivityBridge;
		};
/* End XCSwiftPackageProductDependency section */
	};
	rootObject = 009F623C2E6B710800675E53 /* Project object */;
}
