
Microsoft Visual Studio Solution File, Format Version 12.00
# Visual Studio Version 17
VisualStudioVersion = 17.0.31903.59
MinimumVisualStudioVersion = 10.0.40219.1
Project("{FAE04EC0-301F-11D3-BF4B-00C04F79EFBC}") = "ShellRouteTemplates", "ShellRouteTemplates.csproj", "{C76F00A3-4632-47B4-80FA-08EC392AD584}"
EndProject
Global
	GlobalSection(SolutionConfigurationPlatforms) = preSolution
		Debug|Any CPU = Debug|Any CPU
		Debug|x64 = Debug|x64
		Debug|x86 = Debug|x86
		Release|Any CPU = Release|Any CPU
		Release|x64 = Release|x64
		Release|x86 = Release|x86
	EndGlobalSection
	GlobalSection(ProjectConfigurationPlatforms) = postSolution
		{C76F00A3-4632-47B4-80FA-08EC392AD584}.Debug|Any CPU.ActiveCfg = Debug|Any CPU
		{C76F00A3-4632-47B4-80FA-08EC392AD584}.Debug|Any CPU.Build.0 = Debug|Any CPU
		{C76F00A3-4632-47B4-80FA-08EC392AD584}.Debug|x64.ActiveCfg = Debug|Any CPU
		{C76F00A3-4632-47B4-80FA-08EC392AD584}.Debug|x64.Build.0 = Debug|Any CPU
		{C76F00A3-4632-47B4-80FA-08EC392AD584}.Debug|x86.ActiveCfg = Debug|Any CPU
		{C76F00A3-4632-47B4-80FA-08EC392AD584}.Debug|x86.Build.0 = Debug|Any CPU
		{C76F00A3-4632-47B4-80FA-08EC392AD584}.Release|Any CPU.ActiveCfg = Release|Any CPU
		{C76F00A3-4632-47B4-80FA-08EC392AD584}.Release|Any CPU.Build.0 = Release|Any CPU
		{C76F00A3-4632-47B4-80FA-08EC392AD584}.Release|x64.ActiveCfg = Release|Any CPU
		{C76F00A3-4632-47B4-80FA-08EC392AD584}.Release|x64.Build.0 = Release|Any CPU
		{C76F00A3-4632-47B4-80FA-08EC392AD584}.Release|x86.ActiveCfg = Release|Any CPU
		{C76F00A3-4632-47B4-80FA-08EC392AD584}.Release|x86.Build.0 = Release|Any CPU
	EndGlobalSection
	GlobalSection(SolutionProperties) = preSolution
		HideSolutionNode = FALSE
	EndGlobalSection
EndGlobal
