Microsoft Visual Studio Solution File, Format Version 12.00
# Visual Studio Version 17
VisualStudioVersion = 17.8.0.0
MinimumVisualStudioVersion = 10.0.40219.1
Project("{9A19103F-16F7-4668-BE54-9A1E7A4F7556}") = "BoxViewFill", "BoxViewFill\BoxViewFill.csproj", "{A351A85C-898E-478C-A5B0-9E9212721D3F}"
EndProject
Global
	GlobalSection(SolutionConfigurationPlatforms) = preSolution
		Debug|Any CPU = Debug|Any CPU
		Release|Any CPU = Release|Any CPU
	EndGlobalSection
	GlobalSection(ProjectConfigurationPlatforms) = postSolution
		{A351A85C-898E-478C-A5B0-9E9212721D3F}.Debug|Any CPU.ActiveCfg = Debug|Any CPU
		{A351A85C-898E-478C-A5B0-9E9212721D3F}.Debug|Any CPU.Build.0 = Debug|Any CPU
		{A351A85C-898E-478C-A5B0-9E9212721D3F}.Debug|Any CPU.Deploy.0 = Debug|Any CPU
		{A351A85C-898E-478C-A5B0-9E9212721D3F}.Release|Any CPU.ActiveCfg = Release|Any CPU
		{A351A85C-898E-478C-A5B0-9E9212721D3F}.Release|Any CPU.Build.0 = Release|Any CPU
		{A351A85C-898E-478C-A5B0-9E9212721D3F}.Release|Any CPU.Deploy.0 = Release|Any CPU
	EndGlobalSection
	GlobalSection(SolutionProperties) = preSolution
		HideSolutionNode = FALSE
	EndGlobalSection
	GlobalSection(ExtensibilityGlobals) = postSolution
		SolutionGuid = {7FF5A410-C81C-4168-BAFA-CB66DBC453BE}
	EndGlobalSection
EndGlobal
