
Microsoft Visual Studio Solution File, Format Version 12.00
# Visual Studio Version 16
VisualStudioVersion = 16.6.30114.105
MinimumVisualStudioVersion = 10.0.40219.1
Project("{9A19103F-16F7-4668-BE54-9A1E7A4F7556}") = "HelloMacCatalyst", "..\HelloMacCatalyst\HelloMacCatalyst.csproj", "{459BD28B-1640-433D-90CF-3BF4247D67B6}"
EndProject
Project("{9A19103F-16F7-4668-BE54-9A1E7A4F7556}") = "HelloMacOS", "..\HelloMacOS\HelloMacOS.csproj", "{076CA2EC-AF12-45F2-A426-6B331ED8C976}"
EndProject
Project("{6EC3EE1D-3C4E-46DD-8F32-0CC8E7565705}") = "HelloMacCatalystFSharp", "..\fsharp\HelloMacCatalystFSharp\HelloMacCatalystFSharp.fsproj", "{B246F7C6-DC03-4ED9-88BB-7F0085ACD93B}"
EndProject
Project("{F2A71F9B-5D33-465A-A702-920D77279786}") = "HelloMacOSFSharp", "..\fsharp\HelloMacOSFSharp\HelloMacOSFSharp.fsproj", "{D7C4C340-4749-404D-A0C3-AA04F7AD174F}"
EndProject
Global
	GlobalSection(SolutionConfigurationPlatforms) = preSolution
		Debug|Any CPU = Debug|Any CPU
		Debug|x64 = Debug|x64
		Debug|x86 = Debug|x86
		Release|Any CPU = Release|Any CPU
		Release|x64 = Release|x64
		Release|x86 = Release|x86
	EndGlobalSection
	GlobalSection(ProjectConfigurationPlatforms) = postSolution
		{459BD28B-1640-433D-90CF-3BF4247D67B6}.Debug|Any CPU.ActiveCfg = Debug|Any CPU
		{459BD28B-1640-433D-90CF-3BF4247D67B6}.Debug|Any CPU.Build.0 = Debug|Any CPU
		{459BD28B-1640-433D-90CF-3BF4247D67B6}.Debug|x64.ActiveCfg = Debug|Any CPU
		{459BD28B-1640-433D-90CF-3BF4247D67B6}.Debug|x64.Build.0 = Debug|Any CPU
		{459BD28B-1640-433D-90CF-3BF4247D67B6}.Debug|x86.ActiveCfg = Debug|Any CPU
		{459BD28B-1640-433D-90CF-3BF4247D67B6}.Debug|x86.Build.0 = Debug|Any CPU
		{459BD28B-1640-433D-90CF-3BF4247D67B6}.Release|Any CPU.ActiveCfg = Release|Any CPU
		{459BD28B-1640-433D-90CF-3BF4247D67B6}.Release|Any CPU.Build.0 = Release|Any CPU
		{459BD28B-1640-433D-90CF-3BF4247D67B6}.Release|x64.ActiveCfg = Release|Any CPU
		{459BD28B-1640-433D-90CF-3BF4247D67B6}.Release|x64.Build.0 = Release|Any CPU
		{459BD28B-1640-433D-90CF-3BF4247D67B6}.Release|x86.ActiveCfg = Release|Any CPU
		{459BD28B-1640-433D-90CF-3BF4247D67B6}.Release|x86.Build.0 = Release|Any CPU
		{076CA2EC-AF12-45F2-A426-6B331ED8C976}.Debug|Any CPU.ActiveCfg = Debug|Any CPU
		{076CA2EC-AF12-45F2-A426-6B331ED8C976}.Debug|Any CPU.Build.0 = Debug|Any CPU
		{076CA2EC-AF12-45F2-A426-6B331ED8C976}.Debug|x64.ActiveCfg = Debug|Any CPU
		{076CA2EC-AF12-45F2-A426-6B331ED8C976}.Debug|x64.Build.0 = Debug|Any CPU
		{076CA2EC-AF12-45F2-A426-6B331ED8C976}.Debug|x86.ActiveCfg = Debug|Any CPU
		{076CA2EC-AF12-45F2-A426-6B331ED8C976}.Debug|x86.Build.0 = Debug|Any CPU
		{076CA2EC-AF12-45F2-A426-6B331ED8C976}.Release|Any CPU.ActiveCfg = Release|Any CPU
		{076CA2EC-AF12-45F2-A426-6B331ED8C976}.Release|Any CPU.Build.0 = Release|Any CPU
		{076CA2EC-AF12-45F2-A426-6B331ED8C976}.Release|x64.ActiveCfg = Release|Any CPU
		{076CA2EC-AF12-45F2-A426-6B331ED8C976}.Release|x64.Build.0 = Release|Any CPU
		{076CA2EC-AF12-45F2-A426-6B331ED8C976}.Release|x86.ActiveCfg = Release|Any CPU
		{076CA2EC-AF12-45F2-A426-6B331ED8C976}.Release|x86.Build.0 = Release|Any CPU
		{B246F7C6-DC03-4ED9-88BB-7F0085ACD93B}.Debug|Any CPU.ActiveCfg = Debug|Any CPU
		{B246F7C6-DC03-4ED9-88BB-7F0085ACD93B}.Debug|Any CPU.Build.0 = Debug|Any CPU
		{B246F7C6-DC03-4ED9-88BB-7F0085ACD93B}.Debug|x64.ActiveCfg = Debug|Any CPU
		{B246F7C6-DC03-4ED9-88BB-7F0085ACD93B}.Debug|x64.Build.0 = Debug|Any CPU
		{B246F7C6-DC03-4ED9-88BB-7F0085ACD93B}.Debug|x86.ActiveCfg = Debug|Any CPU
		{B246F7C6-DC03-4ED9-88BB-7F0085ACD93B}.Debug|x86.Build.0 = Debug|Any CPU
		{B246F7C6-DC03-4ED9-88BB-7F0085ACD93B}.Release|Any CPU.ActiveCfg = Release|Any CPU
		{B246F7C6-DC03-4ED9-88BB-7F0085ACD93B}.Release|Any CPU.Build.0 = Release|Any CPU
		{B246F7C6-DC03-4ED9-88BB-7F0085ACD93B}.Release|x64.ActiveCfg = Release|Any CPU
		{B246F7C6-DC03-4ED9-88BB-7F0085ACD93B}.Release|x64.Build.0 = Release|Any CPU
		{B246F7C6-DC03-4ED9-88BB-7F0085ACD93B}.Release|x86.ActiveCfg = Release|Any CPU
		{B246F7C6-DC03-4ED9-88BB-7F0085ACD93B}.Release|x86.Build.0 = Release|Any CPU
		{D7C4C340-4749-404D-A0C3-AA04F7AD174F}.Debug|Any CPU.ActiveCfg = Debug|Any CPU
		{D7C4C340-4749-404D-A0C3-AA04F7AD174F}.Debug|Any CPU.Build.0 = Debug|Any CPU
		{D7C4C340-4749-404D-A0C3-AA04F7AD174F}.Release|Any CPU.ActiveCfg = Release|Any CPU
		{D7C4C340-4749-404D-A0C3-AA04F7AD174F}.Release|Any CPU.Build.0 = Release|Any CPU
	EndGlobalSection
	GlobalSection(SolutionProperties) = preSolution
		HideSolutionNode = FALSE
	EndGlobalSection
	GlobalSection(ExtensibilityGlobals) = postSolution
		SolutionGuid = {286957BE-D67B-4957-ADD8-D6745146B35F}
	EndGlobalSection
EndGlobal
