
Microsoft Visual Studio Solution File, Format Version 12.00
# Visual Studio Version 17
VisualStudioVersion = 17.14.36221.1 d17.14
MinimumVisualStudioVersion = 10.0.40219.1
Project("{FAE04EC0-301F-11D3-BF4B-00C04F79EFBC}") = "TipCalc", "TipCalc\TipCalc.csproj", "{0251031F-61EE-4CC8-997A-1448E7371A7A}"
EndProject
Global
	GlobalSection(SolutionConfigurationPlatforms) = preSolution
		Debug|Any CPU = Debug|Any CPU
		Release|Any CPU = Release|Any CPU
	EndGlobalSection
	GlobalSection(ProjectConfigurationPlatforms) = postSolution
		{0251031F-61EE-4CC8-997A-1448E7371A7A}.Debug|Any CPU.ActiveCfg = Debug|Any CPU
		{0251031F-61EE-4CC8-997A-1448E7371A7A}.Debug|Any CPU.Build.0 = Debug|Any CPU
		{0251031F-61EE-4CC8-997A-1448E7371A7A}.Release|Any CPU.ActiveCfg = Release|Any CPU
		{0251031F-61EE-4CC8-997A-1448E7371A7A}.Release|Any CPU.Build.0 = Release|Any CPU
	EndGlobalSection
	GlobalSection(SolutionProperties) = preSolution
		HideSolutionNode = FALSE
	EndGlobalSection
	GlobalSection(ExtensibilityGlobals) = postSolution
		SolutionGuid = {35478027-B00E-4FDC-B290-9BA0281F02F1}
	EndGlobalSection
EndGlobal
