
Microsoft Visual Studio Solution File, Format Version 12.00
# Visual Studio Version 17
VisualStudioVersion = 17.10.35013.160
MinimumVisualStudioVersion = 10.0.40219.1
Project("{9A19103F-16F7-4668-BE54-9A1E7A4F7556}") = "PushNotificationsDemo", "PushNotificationsDemo\PushNotificationsDemo.csproj", "{29544492-07C3-4281-B08D-00BE47F81A06}"
EndProject
Project("{FAE04EC0-301F-11D3-BF4B-00C04F79EFBC}") = "PushNotificationsAPI", "PushNotificationsAPI\PushNotificationsAPI.csproj", "{F140EBFB-79C6-4BFA-B031-E96B5C3BC0C1}"
EndProject
Global
	GlobalSection(SolutionConfigurationPlatforms) = preSolution
		Debug|Any CPU = Debug|Any CPU
		Release|Any CPU = Release|Any CPU
	EndGlobalSection
	GlobalSection(ProjectConfigurationPlatforms) = postSolution
		{29544492-07C3-4281-B08D-00BE47F81A06}.Debug|Any CPU.ActiveCfg = Debug|Any CPU
		{29544492-07C3-4281-B08D-00BE47F81A06}.Debug|Any CPU.Build.0 = Debug|Any CPU
		{29544492-07C3-4281-B08D-00BE47F81A06}.Debug|Any CPU.Deploy.0 = Debug|Any CPU
		{29544492-07C3-4281-B08D-00BE47F81A06}.Release|Any CPU.ActiveCfg = Release|Any CPU
		{29544492-07C3-4281-B08D-00BE47F81A06}.Release|Any CPU.Build.0 = Release|Any CPU
		{29544492-07C3-4281-B08D-00BE47F81A06}.Release|Any CPU.Deploy.0 = Release|Any CPU
		{F140EBFB-79C6-4BFA-B031-E96B5C3BC0C1}.Debug|Any CPU.ActiveCfg = Debug|Any CPU
		{F140EBFB-79C6-4BFA-B031-E96B5C3BC0C1}.Debug|Any CPU.Build.0 = Debug|Any CPU
		{F140EBFB-79C6-4BFA-B031-E96B5C3BC0C1}.Release|Any CPU.ActiveCfg = Release|Any CPU
		{F140EBFB-79C6-4BFA-B031-E96B5C3BC0C1}.Release|Any CPU.Build.0 = Release|Any CPU
	EndGlobalSection
	GlobalSection(SolutionProperties) = preSolution
		HideSolutionNode = FALSE
	EndGlobalSection
	GlobalSection(ExtensibilityGlobals) = postSolution
		SolutionGuid = {73D0542A-DABD-4B96-AF4C-4978862E0622}
	EndGlobalSection
EndGlobal
