
Microsoft Visual Studio Solution File, Format Version 12.00
# Visual Studio Version 17
VisualStudioVersion = 17.12.35323.107
MinimumVisualStudioVersion = 10.0.40219.1
Project("{FAE04EC0-301F-11D3-BF4B-00C04F79EFBC}") = "TitleBarDemo", "TitleBarDemo\TitleBarDemo.csproj", "{518139CB-8E6C-427D-B3B9-90381CAF288B}"
EndProject
Global
	GlobalSection(SolutionConfigurationPlatforms) = preSolution
		Debug|Any CPU = Debug|Any CPU
		Release|Any CPU = Release|Any CPU
	EndGlobalSection
	GlobalSection(ProjectConfigurationPlatforms) = postSolution
		{518139CB-8E6C-427D-B3B9-90381CAF288B}.Debug|Any CPU.ActiveCfg = Debug|Any CPU
		{518139CB-8E6C-427D-B3B9-90381CAF288B}.Debug|Any CPU.Build.0 = Debug|Any CPU
		{518139CB-8E6C-427D-B3B9-90381CAF288B}.Release|Any CPU.ActiveCfg = Release|Any CPU
		{518139CB-8E6C-427D-B3B9-90381CAF288B}.Release|Any CPU.Build.0 = Release|Any CPU
	EndGlobalSection
	GlobalSection(SolutionProperties) = preSolution
		HideSolutionNode = FALSE
	EndGlobalSection
	GlobalSection(ExtensibilityGlobals) = postSolution
		SolutionGuid = {91AE70EC-640C-42BB-B9F6-81D6C209BA80}
	EndGlobalSection
EndGlobal
