
Microsoft Visual Studio Solution File, Format Version 12.00
# Visual Studio Version 17
VisualStudioVersion = 17.8.34330.188
MinimumVisualStudioVersion = 10.0.40219.1
Project("{9A19103F-16F7-4668-BE54-9A1E7A4F7556}") = "SpinPaint", "SpinPaint\SpinPaint.csproj", "{E5BDA1A6-D804-447D-8EC2-72A96AC8AC75}"
EndProject
Global
	GlobalSection(SolutionConfigurationPlatforms) = preSolution
		Debug|Any CPU = Debug|Any CPU
		Release|Any CPU = Release|Any CPU
	EndGlobalSection
	GlobalSection(ProjectConfigurationPlatforms) = postSolution
		{E5BDA1A6-D804-447D-8EC2-72A96AC8AC75}.Debug|Any CPU.ActiveCfg = Debug|Any CPU
		{E5BDA1A6-D804-447D-8EC2-72A96AC8AC75}.Debug|Any CPU.Build.0 = Debug|Any CPU
		{E5BDA1A6-D804-447D-8EC2-72A96AC8AC75}.Debug|Any CPU.Deploy.0 = Debug|Any CPU
		{E5BDA1A6-D804-447D-8EC2-72A96AC8AC75}.Release|Any CPU.ActiveCfg = Release|Any CPU
		{E5BDA1A6-D804-447D-8EC2-72A96AC8AC75}.Release|Any CPU.Build.0 = Release|Any CPU
	EndGlobalSection
	GlobalSection(SolutionProperties) = preSolution
		HideSolutionNode = FALSE
	EndGlobalSection
	GlobalSection(ExtensibilityGlobals) = postSolution
		SolutionGuid = {5E381975-60F0-415E-A31A-F7854FE27EB8}
	EndGlobalSection
EndGlobal
