
Microsoft Visual Studio Solution File, Format Version 12.00
# Visual Studio Version 16
VisualStudioVersion = 16.0.30002.166
MinimumVisualStudioVersion = 10.0.40219.1
Project("{9A19103F-16F7-4668-BE54-9A1E7A4F7556}") = "HelloiOS", "..\HelloiOS\HelloiOS.csproj", "{E97A9C8C-8AD6-496A-A0A4-A5A90870E03D}"
EndProject
Project("{9A19103F-16F7-4668-BE54-9A1E7A4F7556}") = "HelloMacCatalyst", "..\HelloMacCatalyst\HelloMacCatalyst.csproj", "{7C65CD6D-D388-480A-843C-05FB540697AC}"
EndProject
Global
	GlobalSection(SolutionConfigurationPlatforms) = preSolution
		Debug|Any CPU = Debug|Any CPU
		Release|Any CPU = Release|Any CPU
	EndGlobalSection
	GlobalSection(ProjectConfigurationPlatforms) = postSolution
		{E97A9C8C-8AD6-496A-A0A4-A5A90870E03D}.Debug|Any CPU.ActiveCfg = Debug|Any CPU
		{E97A9C8C-8AD6-496A-A0A4-A5A90870E03D}.Debug|Any CPU.Build.0 = Debug|Any CPU
		{E97A9C8C-8AD6-496A-A0A4-A5A90870E03D}.Debug|Any CPU.Deploy.0 = Debug|Any CPU
		{E97A9C8C-8AD6-496A-A0A4-A5A90870E03D}.Release|Any CPU.ActiveCfg = Release|Any CPU
		{E97A9C8C-8AD6-496A-A0A4-A5A90870E03D}.Release|Any CPU.Build.0 = Release|Any CPU
		{E97A9C8C-8AD6-496A-A0A4-A5A90870E03D}.Release|Any CPU.Deploy.0 = Release|Any CPU
		{7C65CD6D-D388-480A-843C-05FB540697AC}.Debug|Any CPU.ActiveCfg = Debug|Any CPU
		{7C65CD6D-D388-480A-843C-05FB540697AC}.Debug|Any CPU.Build.0 = Debug|Any CPU
		{7C65CD6D-D388-480A-843C-05FB540697AC}.Release|Any CPU.ActiveCfg = Release|Any CPU
		{7C65CD6D-D388-480A-843C-05FB540697AC}.Release|Any CPU.Build.0 = Release|Any CPU
	EndGlobalSection
	GlobalSection(SolutionProperties) = preSolution
		HideSolutionNode = FALSE
	EndGlobalSection
	GlobalSection(ExtensibilityGlobals) = postSolution
		SolutionGuid = {3EF0E4A0-FCA6-4DDC-AE44-16870ADE818D}
	EndGlobalSection
EndGlobal
