
Microsoft Visual Studio Solution File, Format Version 12.00
# Visual Studio Version 17
VisualStudioVersion = 17.12.35309.182
MinimumVisualStudioVersion = 10.0.40219.1
Project("{FAE04EC0-301F-11D3-BF4B-00C04F79EFBC}") = "HybridWebViewDemo", "HybridWebViewDemo\HybridWebViewDemo.csproj", "{AA468903-C211-421B-A09A-81F3745FD28B}"
EndProject
Global
	GlobalSection(SolutionConfigurationPlatforms) = preSolution
		Debug|Any CPU = Debug|Any CPU
		Release|Any CPU = Release|Any CPU
	EndGlobalSection
	GlobalSection(ProjectConfigurationPlatforms) = postSolution
		{AA468903-C211-421B-A09A-81F3745FD28B}.Debug|Any CPU.ActiveCfg = Debug|Any CPU
		{AA468903-C211-421B-A09A-81F3745FD28B}.Debug|Any CPU.Build.0 = Debug|Any CPU
		{AA468903-C211-421B-A09A-81F3745FD28B}.Debug|Any CPU.Deploy.0 = Debug|Any CPU
		{AA468903-C211-421B-A09A-81F3745FD28B}.Release|Any CPU.ActiveCfg = Release|Any CPU
		{AA468903-C211-421B-A09A-81F3745FD28B}.Release|Any CPU.Build.0 = Release|Any CPU
	EndGlobalSection
	GlobalSection(SolutionProperties) = preSolution
		HideSolutionNode = FALSE
	EndGlobalSection
	GlobalSection(ExtensibilityGlobals) = postSolution
		SolutionGuid = {AE92D381-467A-44BA-938E-5BB75E28EEB1}
	EndGlobalSection
EndGlobal
