
Microsoft Visual Studio Solution File, Format Version 12.00
# Visual Studio Version 17
VisualStudioVersion = 17.10.35004.147
MinimumVisualStudioVersion = 10.0.40219.1
Project("{FAE04EC0-301F-11D3-BF4B-00C04F79EFBC}") = "LocalNotificationsDemo", "LocalNotificationsDemo\LocalNotificationsDemo.csproj", "{919BBF23-F5F7-49D3-8FEF-A3CDB0C6CA41}"
EndProject
Global
	GlobalSection(SolutionConfigurationPlatforms) = preSolution
		Debug|Any CPU = Debug|Any CPU
		Release|Any CPU = Release|Any CPU
	EndGlobalSection
	GlobalSection(ProjectConfigurationPlatforms) = postSolution
		{919BBF23-F5F7-49D3-8FEF-A3CDB0C6CA41}.Debug|Any CPU.ActiveCfg = Debug|Any CPU
		{919BBF23-F5F7-49D3-8FEF-A3CDB0C6CA41}.Debug|Any CPU.Build.0 = Debug|Any CPU
		{919BBF23-F5F7-49D3-8FEF-A3CDB0C6CA41}.Debug|Any CPU.Deploy.0 = Debug|Any CPU
		{919BBF23-F5F7-49D3-8FEF-A3CDB0C6CA41}.Release|Any CPU.ActiveCfg = Release|Any CPU
		{919BBF23-F5F7-49D3-8FEF-A3CDB0C6CA41}.Release|Any CPU.Build.0 = Release|Any CPU
		{919BBF23-F5F7-49D3-8FEF-A3CDB0C6CA41}.Release|Any CPU.Deploy.0 = Release|Any CPU
	EndGlobalSection
	GlobalSection(SolutionProperties) = preSolution
		HideSolutionNode = FALSE
	EndGlobalSection
	GlobalSection(ExtensibilityGlobals) = postSolution
		SolutionGuid = {4A601762-D71D-43FC-A58C-DE0806605E83}
	EndGlobalSection
EndGlobal
