
Microsoft Visual Studio Solution File, Format Version 12.00
# Visual Studio Version 17
VisualStudioVersion = 17.5.002.0
MinimumVisualStudioVersion = 10.0.40219.1
Project("{9A19103F-16F7-4668-BE54-9A1E7A4F7556}") = "UITests.Android", "UITests.Android.csproj", "{0B9F66B0-F905-45E8-ACAA-2AD9AB7299E8}"
EndProject
Global
	GlobalSection(SolutionConfigurationPlatforms) = preSolution
		Debug|Any CPU = Debug|Any CPU
		Release|Any CPU = Release|Any CPU
	EndGlobalSection
	GlobalSection(ProjectConfigurationPlatforms) = postSolution
		{0B9F66B0-F905-45E8-ACAA-2AD9AB7299E8}.Debug|Any CPU.ActiveCfg = Debug|Any CPU
		{0B9F66B0-F905-45E8-ACAA-2AD9AB7299E8}.Debug|Any CPU.Build.0 = Debug|Any CPU
		{0B9F66B0-F905-45E8-ACAA-2AD9AB7299E8}.Release|Any CPU.ActiveCfg = Release|Any CPU
		{0B9F66B0-F905-45E8-ACAA-2AD9AB7299E8}.Release|Any CPU.Build.0 = Release|Any CPU
	EndGlobalSection
	GlobalSection(SolutionProperties) = preSolution
		HideSolutionNode = FALSE
	EndGlobalSection
	GlobalSection(ExtensibilityGlobals) = postSolution
		SolutionGuid = {F5973032-386F-4AB4-9C61-60ADF644C2DF}
	EndGlobalSection
EndGlobal
