Microsoft Visual Studio Solution File, Format Version 12.00
# Visual Studio Version 17
VisualStudioVersion = 17.0.31903.59
MinimumVisualStudioVersion = 10.0.40219.1
Project("{9A19103F-16F7-4668-BE54-9A1E7A4F7556}") = "TabbedPageDemo", "TabbedPageDemo\TabbedPageDemo.csproj", "{C3C3EF3A-B3B3-4B3B-8B3B-3B3B3B3B3B3B}"
EndProject
Global
	GlobalSection(SolutionConfigurationPlatforms) = preSolution
		Debug|Any CPU = Debug|Any CPU
		Release|Any CPU = Release|Any CPU
	EndGlobalSection
	GlobalSection(ProjectConfigurationPlatforms) = postSolution
		{C3C3EF3A-B3B3-4B3B-8B3B-3B3B3B3B3B3B}.Debug|Any CPU.ActiveCfg = Debug|Any CPU
		{C3C3EF3A-B3B3-4B3B-8B3B-3B3B3B3B3B3B}.Debug|Any CPU.Build.0 = Debug|Any CPU
		{C3C3EF3A-B3B3-4B3B-8B3B-3B3B3B3B3B3B}.Debug|Any CPU.Deploy.0 = Debug|Any CPU
		{C3C3EF3A-B3B3-4B3B-8B3B-3B3B3B3B3B3B}.Release|Any CPU.ActiveCfg = Release|Any CPU
		{C3C3EF3A-B3B3-4B3B-8B3B-3B3B3B3B3B3B}.Release|Any CPU.Build.0 = Release|Any CPU
	EndGlobalSection
	GlobalSection(SolutionProperties) = preSolution
		HideSolutionNode = FALSE
	EndGlobalSection
EndGlobal