Microsoft Visual Studio Solution File, Format Version 12.00
# Visual Studio Version 17
VisualStudioVersion = 17.5.2.0
MinimumVisualStudioVersion = 10.0.40219.1
Project("{FAE04EC0-301F-11D3-BF4B-00C04F79EFBC}") = "BillingService", "BillingService\BillingService.csproj", "{CFB8F5F2-CBEA-41D8-DB69-F025A0D0D44E}"
EndProject
Global
	GlobalSection(SolutionConfigurationPlatforms) = preSolution
		Debug|Any CPU = Debug|Any CPU
		Release|Any CPU = Release|Any CPU
	EndGlobalSection
	GlobalSection(ProjectConfigurationPlatforms) = postSolution
		{CFB8F5F2-CBEA-41D8-DB69-F025A0D0D44E}.Debug|Any CPU.ActiveCfg = Debug|Any CPU
		{CFB8F5F2-CBEA-41D8-DB69-F025A0D0D44E}.Debug|Any CPU.Build.0 = Debug|Any CPU
		{CFB8F5F2-CBEA-41D8-DB69-F025A0D0D44E}.Release|Any CPU.ActiveCfg = Release|Any CPU
		{CFB8F5F2-CBEA-41D8-DB69-F025A0D0D44E}.Release|Any CPU.Build.0 = Release|Any CPU
	EndGlobalSection
	GlobalSection(SolutionProperties) = preSolution
		HideSolutionNode = FALSE
	EndGlobalSection
	GlobalSection(ExtensibilityGlobals) = postSolution
		SolutionGuid = {B6646492-8077-4049-9ACB-07B6475A6EB6}
	EndGlobalSection
EndGlobal
