
Microsoft Visual Studio Solution File, Format Version 12.00
# Visual Studio Version 17
VisualStudioVersion = 17.0.31611.283
MinimumVisualStudioVersion = 10.0.40219.1
Project("{9A19103F-16F7-4668-BE54-9A1E7A4F7556}") = "TodoREST", "TodoREST\TodoREST.csproj", "{B1B95F03-C6CD-4B1F-AB7A-0E0C8CB71AA5}"
EndProject
Project("{FAE04EC0-301F-11D3-BF4B-00C04F79EFBC}") = "TodoAPI", "TodoAPI\TodoAPI.csproj", "{1BF67E3B-FADE-4460-8BE3-BC2C791B8E9C}"
EndProject
Global
	GlobalSection(SolutionConfigurationPlatforms) = preSolution
		Debug|Any CPU = Debug|Any CPU
		Release|Any CPU = Release|Any CPU
	EndGlobalSection
	GlobalSection(ProjectConfigurationPlatforms) = postSolution
		{B1B95F03-C6CD-4B1F-AB7A-0E0C8CB71AA5}.Debug|Any CPU.ActiveCfg = Debug|Any CPU
		{B1B95F03-C6CD-4B1F-AB7A-0E0C8CB71AA5}.Debug|Any CPU.Build.0 = Debug|Any CPU
		{B1B95F03-C6CD-4B1F-AB7A-0E0C8CB71AA5}.Debug|Any CPU.Deploy.0 = Debug|Any CPU
		{B1B95F03-C6CD-4B1F-AB7A-0E0C8CB71AA5}.Release|Any CPU.ActiveCfg = Release|Any CPU
		{B1B95F03-C6CD-4B1F-AB7A-0E0C8CB71AA5}.Release|Any CPU.Build.0 = Release|Any CPU
		{B1B95F03-C6CD-4B1F-AB7A-0E0C8CB71AA5}.Release|Any CPU.Deploy.0 = Release|Any CPU
		{F7C7884E-D23B-474A-937F-C54F661EC531}.Debug|Any CPU.ActiveCfg = Debug|Any CPU
		{F7C7884E-D23B-474A-937F-C54F661EC531}.Debug|Any CPU.Build.0 = Debug|Any CPU
		{F7C7884E-D23B-474A-937F-C54F661EC531}.Release|Any CPU.ActiveCfg = Release|Any CPU
		{F7C7884E-D23B-474A-937F-C54F661EC531}.Release|Any CPU.Build.0 = Release|Any CPU
		{1BF67E3B-FADE-4460-8BE3-BC2C791B8E9C}.Debug|Any CPU.ActiveCfg = Debug|Any CPU
		{1BF67E3B-FADE-4460-8BE3-BC2C791B8E9C}.Debug|Any CPU.Build.0 = Debug|Any CPU
		{1BF67E3B-FADE-4460-8BE3-BC2C791B8E9C}.Release|Any CPU.ActiveCfg = Release|Any CPU
		{1BF67E3B-FADE-4460-8BE3-BC2C791B8E9C}.Release|Any CPU.Build.0 = Release|Any CPU
	EndGlobalSection
	GlobalSection(SolutionProperties) = preSolution
		HideSolutionNode = FALSE
	EndGlobalSection
	GlobalSection(ExtensibilityGlobals) = postSolution
		SolutionGuid = {61F7FB11-1E47-470C-91E2-47F8143E1572}
	EndGlobalSection
EndGlobal
