
Microsoft Visual Studio Solution File, Format Version 12.00
# Visual Studio Version 17
VisualStudioVersion = 17.9.34622.214
MinimumVisualStudioVersion = 10.0.40219.1
Project("{9A19103F-16F7-4668-BE54-9A1E7A4F7556}") = "NativeEmbeddingDemo", "NativeEmbeddingDemo\NativeEmbeddingDemo.csproj", "{B5348805-A47A-4F1B-99D2-95E2D21A9A51}"
EndProject
Project("{9A19103F-16F7-4668-BE54-9A1E7A4F7556}") = "NativeEmbeddingDemo.iOS", "NativeEmbeddingDemo.iOS\NativeEmbeddingDemo.iOS.csproj", "{BCDE4985-CC8C-4FE9-A196-18385F0C9B67}"
EndProject
Project("{9A19103F-16F7-4668-BE54-9A1E7A4F7556}") = "NativeEmbeddingDemo.WinUI", "NativeEmbeddingDemo.WinUI\NativeEmbeddingDemo.WinUI.csproj", "{116EAB9E-EE24-4676-B279-5295D922E07C}"
EndProject
Project("{9A19103F-16F7-4668-BE54-9A1E7A4F7556}") = "NativeEmbeddingDemo.Library", "NativeEmbeddingDemo.Library\NativeEmbeddingDemo.Library.csproj", "{4B4770CF-082D-45AB-86AA-4C7A5ECBC20A}"
EndProject
Project("{9A19103F-16F7-4668-BE54-9A1E7A4F7556}") = "NativeEmbeddingDemo.Droid", "NativeEmbeddingDemo.Droid\NativeEmbeddingDemo.Droid.csproj", "{76B43FBB-1DEA-4260-8802-7DC0015A916F}"
EndProject
Project("{9A19103F-16F7-4668-BE54-9A1E7A4F7556}") = "NativeEmbeddingDemo.MacCatalyst", "NativeEmbeddingDemo.MacCatalyst\NativeEmbeddingDemo.MacCatalyst.csproj", "{A63220BF-4101-4D60-A75D-CF2693646A6A}"
EndProject
Project("{9A19103F-16F7-4668-BE54-9A1E7A4F7556}") = "TestHarnessApp", "TestHarnessApp\TestHarnessApp.csproj", "{B14E3633-E1E0-4CD7-A2BC-E8FE76F53560}"
EndProject
Global
	GlobalSection(SolutionConfigurationPlatforms) = preSolution
		Debug|Any CPU = Debug|Any CPU
		Debug|ARM64 = Debug|ARM64
		Debug|x64 = Debug|x64
		Debug|x86 = Debug|x86
		Release|Any CPU = Release|Any CPU
		Release|ARM64 = Release|ARM64
		Release|x64 = Release|x64
		Release|x86 = Release|x86
	EndGlobalSection
	GlobalSection(ProjectConfigurationPlatforms) = postSolution
		{B5348805-A47A-4F1B-99D2-95E2D21A9A51}.Debug|Any CPU.ActiveCfg = Debug|Any CPU
		{B5348805-A47A-4F1B-99D2-95E2D21A9A51}.Debug|Any CPU.Build.0 = Debug|Any CPU
		{B5348805-A47A-4F1B-99D2-95E2D21A9A51}.Debug|Any CPU.Deploy.0 = Debug|Any CPU
		{B5348805-A47A-4F1B-99D2-95E2D21A9A51}.Debug|ARM64.ActiveCfg = Debug|Any CPU
		{B5348805-A47A-4F1B-99D2-95E2D21A9A51}.Debug|ARM64.Build.0 = Debug|Any CPU
		{B5348805-A47A-4F1B-99D2-95E2D21A9A51}.Debug|ARM64.Deploy.0 = Debug|Any CPU
		{B5348805-A47A-4F1B-99D2-95E2D21A9A51}.Debug|x64.ActiveCfg = Debug|Any CPU
		{B5348805-A47A-4F1B-99D2-95E2D21A9A51}.Debug|x64.Build.0 = Debug|Any CPU
		{B5348805-A47A-4F1B-99D2-95E2D21A9A51}.Debug|x64.Deploy.0 = Debug|Any CPU
		{B5348805-A47A-4F1B-99D2-95E2D21A9A51}.Debug|x86.ActiveCfg = Debug|Any CPU
		{B5348805-A47A-4F1B-99D2-95E2D21A9A51}.Debug|x86.Build.0 = Debug|Any CPU
		{B5348805-A47A-4F1B-99D2-95E2D21A9A51}.Debug|x86.Deploy.0 = Debug|Any CPU
		{B5348805-A47A-4F1B-99D2-95E2D21A9A51}.Release|Any CPU.ActiveCfg = Release|Any CPU
		{B5348805-A47A-4F1B-99D2-95E2D21A9A51}.Release|Any CPU.Build.0 = Release|Any CPU
		{B5348805-A47A-4F1B-99D2-95E2D21A9A51}.Release|Any CPU.Deploy.0 = Release|Any CPU
		{B5348805-A47A-4F1B-99D2-95E2D21A9A51}.Release|ARM64.ActiveCfg = Release|Any CPU
		{B5348805-A47A-4F1B-99D2-95E2D21A9A51}.Release|ARM64.Build.0 = Release|Any CPU
		{B5348805-A47A-4F1B-99D2-95E2D21A9A51}.Release|ARM64.Deploy.0 = Release|Any CPU
		{B5348805-A47A-4F1B-99D2-95E2D21A9A51}.Release|x64.ActiveCfg = Release|Any CPU
		{B5348805-A47A-4F1B-99D2-95E2D21A9A51}.Release|x64.Build.0 = Release|Any CPU
		{B5348805-A47A-4F1B-99D2-95E2D21A9A51}.Release|x64.Deploy.0 = Release|Any CPU
		{B5348805-A47A-4F1B-99D2-95E2D21A9A51}.Release|x86.ActiveCfg = Release|Any CPU
		{B5348805-A47A-4F1B-99D2-95E2D21A9A51}.Release|x86.Build.0 = Release|Any CPU
		{B5348805-A47A-4F1B-99D2-95E2D21A9A51}.Release|x86.Deploy.0 = Release|Any CPU
		{BCDE4985-CC8C-4FE9-A196-18385F0C9B67}.Debug|Any CPU.ActiveCfg = Debug|Any CPU
		{BCDE4985-CC8C-4FE9-A196-18385F0C9B67}.Debug|Any CPU.Build.0 = Debug|Any CPU
		{BCDE4985-CC8C-4FE9-A196-18385F0C9B67}.Debug|Any CPU.Deploy.0 = Debug|Any CPU
		{BCDE4985-CC8C-4FE9-A196-18385F0C9B67}.Debug|ARM64.ActiveCfg = Debug|Any CPU
		{BCDE4985-CC8C-4FE9-A196-18385F0C9B67}.Debug|ARM64.Build.0 = Debug|Any CPU
		{BCDE4985-CC8C-4FE9-A196-18385F0C9B67}.Debug|ARM64.Deploy.0 = Debug|Any CPU
		{BCDE4985-CC8C-4FE9-A196-18385F0C9B67}.Debug|x64.ActiveCfg = Debug|Any CPU
		{BCDE4985-CC8C-4FE9-A196-18385F0C9B67}.Debug|x64.Build.0 = Debug|Any CPU
		{BCDE4985-CC8C-4FE9-A196-18385F0C9B67}.Debug|x64.Deploy.0 = Debug|Any CPU
		{BCDE4985-CC8C-4FE9-A196-18385F0C9B67}.Debug|x86.ActiveCfg = Debug|Any CPU
		{BCDE4985-CC8C-4FE9-A196-18385F0C9B67}.Debug|x86.Build.0 = Debug|Any CPU
		{BCDE4985-CC8C-4FE9-A196-18385F0C9B67}.Debug|x86.Deploy.0 = Debug|Any CPU
		{BCDE4985-CC8C-4FE9-A196-18385F0C9B67}.Release|Any CPU.ActiveCfg = Release|Any CPU
		{BCDE4985-CC8C-4FE9-A196-18385F0C9B67}.Release|Any CPU.Build.0 = Release|Any CPU
		{BCDE4985-CC8C-4FE9-A196-18385F0C9B67}.Release|Any CPU.Deploy.0 = Release|Any CPU
		{BCDE4985-CC8C-4FE9-A196-18385F0C9B67}.Release|ARM64.ActiveCfg = Release|Any CPU
		{BCDE4985-CC8C-4FE9-A196-18385F0C9B67}.Release|ARM64.Build.0 = Release|Any CPU
		{BCDE4985-CC8C-4FE9-A196-18385F0C9B67}.Release|ARM64.Deploy.0 = Release|Any CPU
		{BCDE4985-CC8C-4FE9-A196-18385F0C9B67}.Release|x64.ActiveCfg = Release|Any CPU
		{BCDE4985-CC8C-4FE9-A196-18385F0C9B67}.Release|x64.Build.0 = Release|Any CPU
		{BCDE4985-CC8C-4FE9-A196-18385F0C9B67}.Release|x64.Deploy.0 = Release|Any CPU
		{BCDE4985-CC8C-4FE9-A196-18385F0C9B67}.Release|x86.ActiveCfg = Release|Any CPU
		{BCDE4985-CC8C-4FE9-A196-18385F0C9B67}.Release|x86.Build.0 = Release|Any CPU
		{BCDE4985-CC8C-4FE9-A196-18385F0C9B67}.Release|x86.Deploy.0 = Release|Any CPU
		{116EAB9E-EE24-4676-B279-5295D922E07C}.Debug|Any CPU.ActiveCfg = Debug|x64
		{116EAB9E-EE24-4676-B279-5295D922E07C}.Debug|Any CPU.Build.0 = Debug|x64
		{116EAB9E-EE24-4676-B279-5295D922E07C}.Debug|Any CPU.Deploy.0 = Debug|x64
		{116EAB9E-EE24-4676-B279-5295D922E07C}.Debug|ARM64.ActiveCfg = Debug|ARM64
		{116EAB9E-EE24-4676-B279-5295D922E07C}.Debug|ARM64.Build.0 = Debug|ARM64
		{116EAB9E-EE24-4676-B279-5295D922E07C}.Debug|ARM64.Deploy.0 = Debug|ARM64
		{116EAB9E-EE24-4676-B279-5295D922E07C}.Debug|x64.ActiveCfg = Debug|x64
		{116EAB9E-EE24-4676-B279-5295D922E07C}.Debug|x64.Build.0 = Debug|x64
		{116EAB9E-EE24-4676-B279-5295D922E07C}.Debug|x64.Deploy.0 = Debug|x64
		{116EAB9E-EE24-4676-B279-5295D922E07C}.Debug|x86.ActiveCfg = Debug|x86
		{116EAB9E-EE24-4676-B279-5295D922E07C}.Debug|x86.Build.0 = Debug|x86
		{116EAB9E-EE24-4676-B279-5295D922E07C}.Debug|x86.Deploy.0 = Debug|x86
		{116EAB9E-EE24-4676-B279-5295D922E07C}.Release|Any CPU.ActiveCfg = Release|x64
		{116EAB9E-EE24-4676-B279-5295D922E07C}.Release|Any CPU.Build.0 = Release|x64
		{116EAB9E-EE24-4676-B279-5295D922E07C}.Release|Any CPU.Deploy.0 = Release|x64
		{116EAB9E-EE24-4676-B279-5295D922E07C}.Release|ARM64.ActiveCfg = Release|ARM64
		{116EAB9E-EE24-4676-B279-5295D922E07C}.Release|ARM64.Build.0 = Release|ARM64
		{116EAB9E-EE24-4676-B279-5295D922E07C}.Release|ARM64.Deploy.0 = Release|ARM64
		{116EAB9E-EE24-4676-B279-5295D922E07C}.Release|x64.ActiveCfg = Release|x64
		{116EAB9E-EE24-4676-B279-5295D922E07C}.Release|x64.Build.0 = Release|x64
		{116EAB9E-EE24-4676-B279-5295D922E07C}.Release|x64.Deploy.0 = Release|x64
		{116EAB9E-EE24-4676-B279-5295D922E07C}.Release|x86.ActiveCfg = Release|x86
		{116EAB9E-EE24-4676-B279-5295D922E07C}.Release|x86.Build.0 = Release|x86
		{116EAB9E-EE24-4676-B279-5295D922E07C}.Release|x86.Deploy.0 = Release|x86
		{4B4770CF-082D-45AB-86AA-4C7A5ECBC20A}.Debug|Any CPU.ActiveCfg = Debug|Any CPU
		{4B4770CF-082D-45AB-86AA-4C7A5ECBC20A}.Debug|Any CPU.Build.0 = Debug|Any CPU
		{4B4770CF-082D-45AB-86AA-4C7A5ECBC20A}.Debug|ARM64.ActiveCfg = Debug|Any CPU
		{4B4770CF-082D-45AB-86AA-4C7A5ECBC20A}.Debug|ARM64.Build.0 = Debug|Any CPU
		{4B4770CF-082D-45AB-86AA-4C7A5ECBC20A}.Debug|x64.ActiveCfg = Debug|Any CPU
		{4B4770CF-082D-45AB-86AA-4C7A5ECBC20A}.Debug|x64.Build.0 = Debug|Any CPU
		{4B4770CF-082D-45AB-86AA-4C7A5ECBC20A}.Debug|x86.ActiveCfg = Debug|Any CPU
		{4B4770CF-082D-45AB-86AA-4C7A5ECBC20A}.Debug|x86.Build.0 = Debug|Any CPU
		{4B4770CF-082D-45AB-86AA-4C7A5ECBC20A}.Release|Any CPU.ActiveCfg = Release|Any CPU
		{4B4770CF-082D-45AB-86AA-4C7A5ECBC20A}.Release|Any CPU.Build.0 = Release|Any CPU
		{4B4770CF-082D-45AB-86AA-4C7A5ECBC20A}.Release|ARM64.ActiveCfg = Release|Any CPU
		{4B4770CF-082D-45AB-86AA-4C7A5ECBC20A}.Release|ARM64.Build.0 = Release|Any CPU
		{4B4770CF-082D-45AB-86AA-4C7A5ECBC20A}.Release|x64.ActiveCfg = Release|Any CPU
		{4B4770CF-082D-45AB-86AA-4C7A5ECBC20A}.Release|x64.Build.0 = Release|Any CPU
		{4B4770CF-082D-45AB-86AA-4C7A5ECBC20A}.Release|x86.ActiveCfg = Release|Any CPU
		{4B4770CF-082D-45AB-86AA-4C7A5ECBC20A}.Release|x86.Build.0 = Release|Any CPU
		{76B43FBB-1DEA-4260-8802-7DC0015A916F}.Debug|Any CPU.ActiveCfg = Debug|Any CPU
		{76B43FBB-1DEA-4260-8802-7DC0015A916F}.Debug|Any CPU.Build.0 = Debug|Any CPU
		{76B43FBB-1DEA-4260-8802-7DC0015A916F}.Debug|Any CPU.Deploy.0 = Debug|Any CPU
		{76B43FBB-1DEA-4260-8802-7DC0015A916F}.Debug|ARM64.ActiveCfg = Debug|Any CPU
		{76B43FBB-1DEA-4260-8802-7DC0015A916F}.Debug|ARM64.Build.0 = Debug|Any CPU
		{76B43FBB-1DEA-4260-8802-7DC0015A916F}.Debug|ARM64.Deploy.0 = Debug|Any CPU
		{76B43FBB-1DEA-4260-8802-7DC0015A916F}.Debug|x64.ActiveCfg = Debug|Any CPU
		{76B43FBB-1DEA-4260-8802-7DC0015A916F}.Debug|x64.Build.0 = Debug|Any CPU
		{76B43FBB-1DEA-4260-8802-7DC0015A916F}.Debug|x64.Deploy.0 = Debug|Any CPU
		{76B43FBB-1DEA-4260-8802-7DC0015A916F}.Debug|x86.ActiveCfg = Debug|Any CPU
		{76B43FBB-1DEA-4260-8802-7DC0015A916F}.Debug|x86.Build.0 = Debug|Any CPU
		{76B43FBB-1DEA-4260-8802-7DC0015A916F}.Debug|x86.Deploy.0 = Debug|Any CPU
		{76B43FBB-1DEA-4260-8802-7DC0015A916F}.Release|Any CPU.ActiveCfg = Release|Any CPU
		{76B43FBB-1DEA-4260-8802-7DC0015A916F}.Release|Any CPU.Build.0 = Release|Any CPU
		{76B43FBB-1DEA-4260-8802-7DC0015A916F}.Release|Any CPU.Deploy.0 = Release|Any CPU
		{76B43FBB-1DEA-4260-8802-7DC0015A916F}.Release|ARM64.ActiveCfg = Release|Any CPU
		{76B43FBB-1DEA-4260-8802-7DC0015A916F}.Release|ARM64.Build.0 = Release|Any CPU
		{76B43FBB-1DEA-4260-8802-7DC0015A916F}.Release|ARM64.Deploy.0 = Release|Any CPU
		{76B43FBB-1DEA-4260-8802-7DC0015A916F}.Release|x64.ActiveCfg = Release|Any CPU
		{76B43FBB-1DEA-4260-8802-7DC0015A916F}.Release|x64.Build.0 = Release|Any CPU
		{76B43FBB-1DEA-4260-8802-7DC0015A916F}.Release|x64.Deploy.0 = Release|Any CPU
		{76B43FBB-1DEA-4260-8802-7DC0015A916F}.Release|x86.ActiveCfg = Release|Any CPU
		{76B43FBB-1DEA-4260-8802-7DC0015A916F}.Release|x86.Build.0 = Release|Any CPU
		{76B43FBB-1DEA-4260-8802-7DC0015A916F}.Release|x86.Deploy.0 = Release|Any CPU
		{A63220BF-4101-4D60-A75D-CF2693646A6A}.Debug|Any CPU.ActiveCfg = Debug|Any CPU
		{A63220BF-4101-4D60-A75D-CF2693646A6A}.Debug|Any CPU.Build.0 = Debug|Any CPU
		{A63220BF-4101-4D60-A75D-CF2693646A6A}.Debug|Any CPU.Deploy.0 = Debug|Any CPU
		{A63220BF-4101-4D60-A75D-CF2693646A6A}.Debug|ARM64.ActiveCfg = Debug|Any CPU
		{A63220BF-4101-4D60-A75D-CF2693646A6A}.Debug|ARM64.Build.0 = Debug|Any CPU
		{A63220BF-4101-4D60-A75D-CF2693646A6A}.Debug|ARM64.Deploy.0 = Debug|Any CPU
		{A63220BF-4101-4D60-A75D-CF2693646A6A}.Debug|x64.ActiveCfg = Debug|Any CPU
		{A63220BF-4101-4D60-A75D-CF2693646A6A}.Debug|x64.Build.0 = Debug|Any CPU
		{A63220BF-4101-4D60-A75D-CF2693646A6A}.Debug|x64.Deploy.0 = Debug|Any CPU
		{A63220BF-4101-4D60-A75D-CF2693646A6A}.Debug|x86.ActiveCfg = Debug|Any CPU
		{A63220BF-4101-4D60-A75D-CF2693646A6A}.Debug|x86.Build.0 = Debug|Any CPU
		{A63220BF-4101-4D60-A75D-CF2693646A6A}.Debug|x86.Deploy.0 = Debug|Any CPU
		{A63220BF-4101-4D60-A75D-CF2693646A6A}.Release|Any CPU.ActiveCfg = Release|Any CPU
		{A63220BF-4101-4D60-A75D-CF2693646A6A}.Release|Any CPU.Build.0 = Release|Any CPU
		{A63220BF-4101-4D60-A75D-CF2693646A6A}.Release|Any CPU.Deploy.0 = Release|Any CPU
		{A63220BF-4101-4D60-A75D-CF2693646A6A}.Release|ARM64.ActiveCfg = Release|Any CPU
		{A63220BF-4101-4D60-A75D-CF2693646A6A}.Release|ARM64.Build.0 = Release|Any CPU
		{A63220BF-4101-4D60-A75D-CF2693646A6A}.Release|ARM64.Deploy.0 = Release|Any CPU
		{A63220BF-4101-4D60-A75D-CF2693646A6A}.Release|x64.ActiveCfg = Release|Any CPU
		{A63220BF-4101-4D60-A75D-CF2693646A6A}.Release|x64.Build.0 = Release|Any CPU
		{A63220BF-4101-4D60-A75D-CF2693646A6A}.Release|x64.Deploy.0 = Release|Any CPU
		{A63220BF-4101-4D60-A75D-CF2693646A6A}.Release|x86.ActiveCfg = Release|Any CPU
		{A63220BF-4101-4D60-A75D-CF2693646A6A}.Release|x86.Build.0 = Release|Any CPU
		{A63220BF-4101-4D60-A75D-CF2693646A6A}.Release|x86.Deploy.0 = Release|Any CPU
		{B14E3633-E1E0-4CD7-A2BC-E8FE76F53560}.Debug|Any CPU.ActiveCfg = Debug|Any CPU
		{B14E3633-E1E0-4CD7-A2BC-E8FE76F53560}.Debug|Any CPU.Build.0 = Debug|Any CPU
		{B14E3633-E1E0-4CD7-A2BC-E8FE76F53560}.Debug|Any CPU.Deploy.0 = Debug|Any CPU
		{B14E3633-E1E0-4CD7-A2BC-E8FE76F53560}.Debug|ARM64.ActiveCfg = Debug|Any CPU
		{B14E3633-E1E0-4CD7-A2BC-E8FE76F53560}.Debug|ARM64.Build.0 = Debug|Any CPU
		{B14E3633-E1E0-4CD7-A2BC-E8FE76F53560}.Debug|x64.ActiveCfg = Debug|Any CPU
		{B14E3633-E1E0-4CD7-A2BC-E8FE76F53560}.Debug|x64.Build.0 = Debug|Any CPU
		{B14E3633-E1E0-4CD7-A2BC-E8FE76F53560}.Debug|x86.ActiveCfg = Debug|Any CPU
		{B14E3633-E1E0-4CD7-A2BC-E8FE76F53560}.Debug|x86.Build.0 = Debug|Any CPU
		{B14E3633-E1E0-4CD7-A2BC-E8FE76F53560}.Release|Any CPU.ActiveCfg = Release|Any CPU
		{B14E3633-E1E0-4CD7-A2BC-E8FE76F53560}.Release|Any CPU.Build.0 = Release|Any CPU
		{B14E3633-E1E0-4CD7-A2BC-E8FE76F53560}.Release|ARM64.ActiveCfg = Release|Any CPU
		{B14E3633-E1E0-4CD7-A2BC-E8FE76F53560}.Release|ARM64.Build.0 = Release|Any CPU
		{B14E3633-E1E0-4CD7-A2BC-E8FE76F53560}.Release|x64.ActiveCfg = Release|Any CPU
		{B14E3633-E1E0-4CD7-A2BC-E8FE76F53560}.Release|x64.Build.0 = Release|Any CPU
		{B14E3633-E1E0-4CD7-A2BC-E8FE76F53560}.Release|x86.ActiveCfg = Release|Any CPU
		{B14E3633-E1E0-4CD7-A2BC-E8FE76F53560}.Release|x86.Build.0 = Release|Any CPU
	EndGlobalSection
	GlobalSection(SolutionProperties) = preSolution
		HideSolutionNode = FALSE
	EndGlobalSection
	GlobalSection(ExtensibilityGlobals) = postSolution
		SolutionGuid = {16ABD2C7-7D6E-4245-A09A-22B4756A0A80}
	EndGlobalSection
EndGlobal
