
Microsoft Visual Studio Solution File, Format Version 12.00
# Visual Studio Version 16
VisualStudioVersion = 25.0.1706.8
MinimumVisualStudioVersion = 10.0.40219.1
Project("{FAE04EC0-301F-11D3-BF4B-00C04F79EFBC}") = "GameOfLife", "GameOfLife\GameOfLife.csproj", "{236EDA58-32B7-4789-8327-FCF9016E8621}"
EndProject
Global
	GlobalSection(SolutionConfigurationPlatforms) = preSolution
		Debug|Any CPU = Debug|Any CPU
		Release|Any CPU = Release|Any CPU
	EndGlobalSection
	GlobalSection(ProjectConfigurationPlatforms) = postSolution
		{236EDA58-32B7-4789-8327-FCF9016E8621}.Debug|Any CPU.ActiveCfg = Debug|Any CPU
		{236EDA58-32B7-4789-8327-FCF9016E8621}.Debug|Any CPU.Build.0 = Debug|Any CPU
		{236EDA58-32B7-4789-8327-FCF9016E8621}.Release|Any CPU.ActiveCfg = Release|Any CPU
		{236EDA58-32B7-4789-8327-FCF9016E8621}.Release|Any CPU.Build.0 = Release|Any CPU
	EndGlobalSection
	GlobalSection(SolutionProperties) = preSolution
		HideSolutionNode = FALSE
	EndGlobalSection
	GlobalSection(ExtensibilityGlobals) = postSolution
		SolutionGuid = {F4AE3140-D3C9-48F6-A9BB-B90F47B46A66}
	EndGlobalSection
EndGlobal
