
Microsoft Visual Studio Solution File, Format Version 12.00
# Visual Studio Version 17
VisualStudioVersion = 17.14.36221.1 d17.14
MinimumVisualStudioVersion = 10.0.40219.1
Project("{FAE04EC0-301F-11D3-BF4B-00C04F79EFBC}") = "ScaleAndRotate", "ScaleAndRotate\ScaleAndRotate.csproj", "{7A80AB0B-0055-48F3-B9A6-E798EC213454}"
EndProject
Global
	GlobalSection(SolutionConfigurationPlatforms) = preSolution
		Debug|Any CPU = Debug|Any CPU
		Release|Any CPU = Release|Any CPU
	EndGlobalSection
	GlobalSection(ProjectConfigurationPlatforms) = postSolution
		{7A80AB0B-0055-48F3-B9A6-E798EC213454}.Debug|Any CPU.ActiveCfg = Debug|Any CPU
		{7A80AB0B-0055-48F3-B9A6-E798EC213454}.Debug|Any CPU.Build.0 = Debug|Any CPU
		{7A80AB0B-0055-48F3-B9A6-E798EC213454}.Release|Any CPU.ActiveCfg = Release|Any CPU
		{7A80AB0B-0055-48F3-B9A6-E798EC213454}.Release|Any CPU.Build.0 = Release|Any CPU
	EndGlobalSection
	GlobalSection(SolutionProperties) = preSolution
		HideSolutionNode = FALSE
	EndGlobalSection
	GlobalSection(ExtensibilityGlobals) = postSolution
		SolutionGuid = {81CC398A-C335-49BF-82D0-E5C3CF9B1875}
	EndGlobalSection
EndGlobal
